// !$*UTF8*$!
{
	archiveVersion = 1;
	classes = {
	};
	objectVersion = 46;
	objects = {

/* Begin PBXBuildFile section */
		03019EF71B755AEA000C4CDC /* Rank */ = {isa = PBXBuildFile; fileRef = 03019EF61B755AEA000C4CDC /* Rank */; };
		03019EF81B755AEA000C4CDC /* Rank */ = {isa = PBXBuildFile; fileRef = 03019EF61B755AEA000C4CDC /* Rank */; };
		03019EFB1B75DEA9000C4CDC /* EntityContainer.cpp */ = {isa = PBXBuildFile; fileRef = 03019EF91B75DEA9000C4CDC /* EntityContainer.cpp */; };
		03019EFC1B75DEA9000C4CDC /* EntityContainer.cpp */ = {isa = PBXBuildFile; fileRef = 03019EF91B75DEA9000C4CDC /* EntityContainer.cpp */; };
		031B09031B6EBE50005269F4 /* Particles */ = {isa = PBXBuildFile; fileRef = 031B09021B6EBE50005269F4 /* Particles */; };
		031B09041B6EBE50005269F4 /* Particles */ = {isa = PBXBuildFile; fileRef = 031B09021B6EBE50005269F4 /* Particles */; };
		031C156C1B68292C007D0FEC /* ScoreLabel.cpp */ = {isa = PBXBuildFile; fileRef = 031C15681B68292C007D0FEC /* ScoreLabel.cpp */; };
		031C156D1B68292C007D0FEC /* ScoreLabel.cpp */ = {isa = PBXBuildFile; fileRef = 031C15681B68292C007D0FEC /* ScoreLabel.cpp */; };
		031C156E1B68292C007D0FEC /* ScoreLabelReader.cpp */ = {isa = PBXBuildFile; fileRef = 031C156A1B68292C007D0FEC /* ScoreLabelReader.cpp */; };
		031C156F1B68292C007D0FEC /* ScoreLabelReader.cpp */ = {isa = PBXBuildFile; fileRef = 031C156A1B68292C007D0FEC /* ScoreLabelReader.cpp */; };
		031C15721B683DE7007D0FEC /* UserDataManager.cpp */ = {isa = PBXBuildFile; fileRef = 031C15701B683DE7007D0FEC /* UserDataManager.cpp */; };
		031C15731B683DE7007D0FEC /* UserDataManager.cpp */ = {isa = PBXBuildFile; fileRef = 031C15701B683DE7007D0FEC /* UserDataManager.cpp */; };
		0342E5C41B66CBEB009B737E /* Coin.cpp */ = {isa = PBXBuildFile; fileRef = 0342E5C01B66CBEB009B737E /* Coin.cpp */; };
		0342E5C51B66CBEB009B737E /* Coin.cpp */ = {isa = PBXBuildFile; fileRef = 0342E5C01B66CBEB009B737E /* Coin.cpp */; };
		0342E5C61B66CBEB009B737E /* CoinReader.cpp */ = {isa = PBXBuildFile; fileRef = 0342E5C21B66CBEB009B737E /* CoinReader.cpp */; };
		0342E5C71B66CBEB009B737E /* CoinReader.cpp */ = {isa = PBXBuildFile; fileRef = 0342E5C21B66CBEB009B737E /* CoinReader.cpp */; };
		0342E5CC1B66CC3D009B737E /* CoinContainer.cpp */ = {isa = PBXBuildFile; fileRef = 0342E5CA1B66CC3D009B737E /* CoinContainer.cpp */; };
		0342E5CD1B66CC3D009B737E /* CoinContainer.cpp */ = {isa = PBXBuildFile; fileRef = 0342E5CA1B66CC3D009B737E /* CoinContainer.cpp */; };
		0342E5D51B66D8CC009B737E /* Images.xcassets */ = {isa = PBXBuildFile; fileRef = 0342E5D41B66D8CC009B737E /* Images.xcassets */; };
		0342E5DA1B66ED80009B737E /* GameResultLayer.cpp */ = {isa = PBXBuildFile; fileRef = 0342E5D61B66ED80009B737E /* GameResultLayer.cpp */; };
		0342E5DB1B66ED80009B737E /* GameResultLayer.cpp */ = {isa = PBXBuildFile; fileRef = 0342E5D61B66ED80009B737E /* GameResultLayer.cpp */; };
		0342E5DC1B66ED80009B737E /* GameResultLayerReader.cpp */ = {isa = PBXBuildFile; fileRef = 0342E5D81B66ED80009B737E /* GameResultLayerReader.cpp */; };
		0342E5DD1B66ED80009B737E /* GameResultLayerReader.cpp */ = {isa = PBXBuildFile; fileRef = 0342E5D81B66ED80009B737E /* GameResultLayerReader.cpp */; };
		034F41081B5D529E00167F16 /* EntityAI.cpp */ = {isa = PBXBuildFile; fileRef = 034F41061B5D529E00167F16 /* EntityAI.cpp */; };
		034F41091B5D529E00167F16 /* EntityAI.cpp */ = {isa = PBXBuildFile; fileRef = 034F41061B5D529E00167F16 /* EntityAI.cpp */; };
		0351AF951B726B0E0004AA6F /* TutorialLayer.cpp */ = {isa = PBXBuildFile; fileRef = 0351AF911B726B0E0004AA6F /* TutorialLayer.cpp */; };
		0351AF961B726B0E0004AA6F /* TutorialLayer.cpp */ = {isa = PBXBuildFile; fileRef = 0351AF911B726B0E0004AA6F /* TutorialLayer.cpp */; };
		0351AF971B726B0E0004AA6F /* TutorialLayerReader.cpp */ = {isa = PBXBuildFile; fileRef = 0351AF931B726B0E0004AA6F /* TutorialLayerReader.cpp */; };
		0351AF981B726B0E0004AA6F /* TutorialLayerReader.cpp */ = {isa = PBXBuildFile; fileRef = 0351AF931B726B0E0004AA6F /* TutorialLayerReader.cpp */; };
		036376D11B773470000B3F46 /* CoinLabel.cpp */ = {isa = PBXBuildFile; fileRef = 036376CD1B773470000B3F46 /* CoinLabel.cpp */; };
		036376D21B773470000B3F46 /* CoinLabel.cpp */ = {isa = PBXBuildFile; fileRef = 036376CD1B773470000B3F46 /* CoinLabel.cpp */; };
		036376D31B773470000B3F46 /* CoinLabelReader.cpp */ = {isa = PBXBuildFile; fileRef = 036376CF1B773470000B3F46 /* CoinLabelReader.cpp */; };
		036376D41B773470000B3F46 /* CoinLabelReader.cpp */ = {isa = PBXBuildFile; fileRef = 036376CF1B773470000B3F46 /* CoinLabelReader.cpp */; };
		038DE76A1B60A71B00F1C861 /* EntitySynchronizer.cpp */ = {isa = PBXBuildFile; fileRef = 038DE7681B60A71B00F1C861 /* EntitySynchronizer.cpp */; };
		038DE76B1B60A71B00F1C861 /* EntitySynchronizer.cpp */ = {isa = PBXBuildFile; fileRef = 038DE7681B60A71B00F1C861 /* EntitySynchronizer.cpp */; };
		038EE8D61B6AAC3200D6A928 /* PowerUpScene.cpp */ = {isa = PBXBuildFile; fileRef = 038EE8D41B6AAC3200D6A928 /* PowerUpScene.cpp */; };
		038EE8D71B6AAC3200D6A928 /* PowerUpScene.cpp */ = {isa = PBXBuildFile; fileRef = 038EE8D41B6AAC3200D6A928 /* PowerUpScene.cpp */; };
		03917D571B56C9B90068BCA6 /* Circle.cpp */ = {isa = PBXBuildFile; fileRef = 03917D531B56C9B90068BCA6 /* Circle.cpp */; };
		03917D581B56C9B90068BCA6 /* Circle.cpp */ = {isa = PBXBuildFile; fileRef = 03917D531B56C9B90068BCA6 /* Circle.cpp */; };
		03917D591B56C9B90068BCA6 /* CircleReader.cpp */ = {isa = PBXBuildFile; fileRef = 03917D551B56C9B90068BCA6 /* CircleReader.cpp */; };
		03917D5A1B56C9B90068BCA6 /* CircleReader.cpp */ = {isa = PBXBuildFile; fileRef = 03917D551B56C9B90068BCA6 /* CircleReader.cpp */; };
		03917D621B56EDC60068BCA6 /* Triangle.cpp */ = {isa = PBXBuildFile; fileRef = 03917D5E1B56EDC60068BCA6 /* Triangle.cpp */; };
		03917D631B56EDC60068BCA6 /* Triangle.cpp */ = {isa = PBXBuildFile; fileRef = 03917D5E1B56EDC60068BCA6 /* Triangle.cpp */; };
		03917D641B56EDC60068BCA6 /* TriangleReader.cpp */ = {isa = PBXBuildFile; fileRef = 03917D601B56EDC60068BCA6 /* TriangleReader.cpp */; };
		03917D651B56EDC60068BCA6 /* TriangleReader.cpp */ = {isa = PBXBuildFile; fileRef = 03917D601B56EDC60068BCA6 /* TriangleReader.cpp */; };
		03917D681B56F7FC0068BCA6 /* MenuScene.cpp */ = {isa = PBXBuildFile; fileRef = 03917D661B56F7FC0068BCA6 /* MenuScene.cpp */; };
		03917D691B56F7FC0068BCA6 /* MenuScene.cpp */ = {isa = PBXBuildFile; fileRef = 03917D661B56F7FC0068BCA6 /* MenuScene.cpp */; };
		03917D701B56FD030068BCA6 /* NetworkingWrapper.mm */ = {isa = PBXBuildFile; fileRef = 03917D6C1B56FD030068BCA6 /* NetworkingWrapper.mm */; };
		03917D711B56FD030068BCA6 /* NetworkingWrapper.mm */ = {isa = PBXBuildFile; fileRef = 03917D6C1B56FD030068BCA6 /* NetworkingWrapper.mm */; };
		03917D721B56FD030068BCA6 /* NetworkManager.mm */ = {isa = PBXBuildFile; fileRef = 03917D6E1B56FD030068BCA6 /* NetworkManager.mm */; };
		03917D731B56FD030068BCA6 /* NetworkManager.mm */ = {isa = PBXBuildFile; fileRef = 03917D6E1B56FD030068BCA6 /* NetworkManager.mm */; };
		03917D751B56FD2C0068BCA6 /* MultipeerConnectivity.framework */ = {isa = PBXBuildFile; fileRef = 03917D741B56FD2C0068BCA6 /* MultipeerConnectivity.framework */; };
		03917D7B1B56FE220068BCA6 /* GameSceneManager.cpp */ = {isa = PBXBuildFile; fileRef = 03917D791B56FE220068BCA6 /* GameSceneManager.cpp */; };
		03917D7C1B56FE220068BCA6 /* GameSceneManager.cpp */ = {isa = PBXBuildFile; fileRef = 03917D791B56FE220068BCA6 /* GameSceneManager.cpp */; };
		03917D801B5712800068BCA6 /* JSONPacker.cpp */ = {isa = PBXBuildFile; fileRef = 03917D7E1B5712800068BCA6 /* JSONPacker.cpp */; };
		03917D811B5712800068BCA6 /* JSONPacker.cpp */ = {isa = PBXBuildFile; fileRef = 03917D7E1B5712800068BCA6 /* JSONPacker.cpp */; };
		03917D841B57230B0068BCA6 /* Entity.cpp */ = {isa = PBXBuildFile; fileRef = 03917D821B57230B0068BCA6 /* Entity.cpp */; };
		03917D851B57230B0068BCA6 /* Entity.cpp */ = {isa = PBXBuildFile; fileRef = 03917D821B57230B0068BCA6 /* Entity.cpp */; };
		039659B91B5F113E006E587B /* EntityHelper.cpp */ = {isa = PBXBuildFile; fileRef = 039659B71B5F113E006E587B /* EntityHelper.cpp */; };
		039659BA1B5F113E006E587B /* EntityHelper.cpp */ = {isa = PBXBuildFile; fileRef = 039659B71B5F113E006E587B /* EntityHelper.cpp */; };
		0399AB4E1B655C590069507F /* StageSelectScene.cpp */ = {isa = PBXBuildFile; fileRef = 0399AB4C1B655C590069507F /* StageSelectScene.cpp */; };
		0399AB4F1B655C590069507F /* StageSelectScene.cpp */ = {isa = PBXBuildFile; fileRef = 0399AB4C1B655C590069507F /* StageSelectScene.cpp */; };
		039EB4D21B6C240700884C73 /* GamePauseLayer.cpp */ = {isa = PBXBuildFile; fileRef = 039EB4CE1B6C240700884C73 /* GamePauseLayer.cpp */; };
		039EB4D31B6C240700884C73 /* GamePauseLayer.cpp */ = {isa = PBXBuildFile; fileRef = 039EB4CE1B6C240700884C73 /* GamePauseLayer.cpp */; };
		039EB4D41B6C240700884C73 /* GamePauseLayerReader.cpp */ = {isa = PBXBuildFile; fileRef = 039EB4D01B6C240700884C73 /* GamePauseLayerReader.cpp */; };
		039EB4D51B6C240700884C73 /* GamePauseLayerReader.cpp */ = {isa = PBXBuildFile; fileRef = 039EB4D01B6C240700884C73 /* GamePauseLayerReader.cpp */; };
		03B167B31B58301C005D1FF6 /* EntityStateMachine.cpp */ = {isa = PBXBuildFile; fileRef = 03B167B11B58301C005D1FF6 /* EntityStateMachine.cpp */; };
		03B167B41B58301C005D1FF6 /* EntityStateMachine.cpp */ = {isa = PBXBuildFile; fileRef = 03B167B11B58301C005D1FF6 /* EntityStateMachine.cpp */; };
		03B167C31B59C0B0005D1FF6 /* libcocos2d iOS.a */ = {isa = PBXBuildFile; fileRef = 03B167C21B59C085005D1FF6 /* libcocos2d iOS.a */; };
		03B167C41B59C0B8005D1FF6 /* libcocos2d Mac.a */ = {isa = PBXBuildFile; fileRef = 03B167C01B59C085005D1FF6 /* libcocos2d Mac.a */; };
		03D709961B657BD70056912B /* StageComponent.cpp */ = {isa = PBXBuildFile; fileRef = 03D709921B657BD70056912B /* StageComponent.cpp */; };
		03D709971B657BD70056912B /* StageComponent.cpp */ = {isa = PBXBuildFile; fileRef = 03D709921B657BD70056912B /* StageComponent.cpp */; };
		03D709981B657BD70056912B /* StageComponentReader.cpp */ = {isa = PBXBuildFile; fileRef = 03D709941B657BD70056912B /* StageComponentReader.cpp */; };
		03D709991B657BD70056912B /* StageComponentReader.cpp */ = {isa = PBXBuildFile; fileRef = 03D709941B657BD70056912B /* StageComponentReader.cpp */; };
		03D7099E1B6582210056912B /* EntityFactory.cpp */ = {isa = PBXBuildFile; fileRef = 03D7099C1B6582210056912B /* EntityFactory.cpp */; };
		03D7099F1B6582210056912B /* EntityFactory.cpp */ = {isa = PBXBuildFile; fileRef = 03D7099C1B6582210056912B /* EntityFactory.cpp */; };
		0AA04E50BD398324651F0E04 /* PluginFlurryAnalytics.framework */ = {isa = PBXBuildFile; fileRef = FA274F4CB8922BE63DF0C4E0 /* PluginFlurryAnalytics.framework */; };
		1D60589F0D05DD5A006BFB54 /* Foundation.framework */ = {isa = PBXBuildFile; fileRef = 1D30AB110D05D00D00671497 /* Foundation.framework */; };
		1DF5F4E00D08C38300B7A737 /* UIKit.framework */ = {isa = PBXBuildFile; fileRef = 1DF5F4DF0D08C38300B7A737 /* UIKit.framework */; };
		288765A50DF7441C002DB57D /* CoreGraphics.framework */ = {isa = PBXBuildFile; fileRef = 288765A40DF7441C002DB57D /* CoreGraphics.framework */; };
		2A084E3CA106848ADD1806A7 /* SystemConfiguration.framework */ = {isa = PBXBuildFile; fileRef = 14664E8EA2F90ECD9ED705D6 /* SystemConfiguration.framework */; };
		41E34A81ACA2320B6C76C445 /* res */ = {isa = PBXBuildFile; fileRef = FA144D09A52357282113E0F8 /* res */; };
		46880B8819C43A87006E1F66 /* AppDelegate.cpp */ = {isa = PBXBuildFile; fileRef = 46880B8419C43A87006E1F66 /* AppDelegate.cpp */; };
		46880B8919C43A87006E1F66 /* AppDelegate.cpp */ = {isa = PBXBuildFile; fileRef = 46880B8419C43A87006E1F66 /* AppDelegate.cpp */; };
		46880B8A19C43A87006E1F66 /* GameScene.cpp */ = {isa = PBXBuildFile; fileRef = 46880B8619C43A87006E1F66 /* GameScene.cpp */; };
		46880B8B19C43A87006E1F66 /* GameScene.cpp */ = {isa = PBXBuildFile; fileRef = 46880B8619C43A87006E1F66 /* GameScene.cpp */; };
		503AE0F817EB97AB00D1A890 /* Icon.icns */ = {isa = PBXBuildFile; fileRef = 503AE0F617EB97AB00D1A890 /* Icon.icns */; };
		503AE10017EB989F00D1A890 /* AppController.mm */ = {isa = PBXBuildFile; fileRef = 503AE0FB17EB989F00D1A890 /* AppController.mm */; };
		503AE10117EB989F00D1A890 /* main.m */ = {isa = PBXBuildFile; fileRef = 503AE0FC17EB989F00D1A890 /* main.m */; };
		503AE10217EB989F00D1A890 /* RootViewController.mm */ = {isa = PBXBuildFile; fileRef = 503AE0FF17EB989F00D1A890 /* RootViewController.mm */; };
		503AE10517EB98FF00D1A890 /* main.cpp */ = {isa = PBXBuildFile; fileRef = 503AE10317EB98FF00D1A890 /* main.cpp */; };
		503AE11B17EB9C5A00D1A890 /* IOKit.framework */ = {isa = PBXBuildFile; fileRef = 503AE11A17EB9C5A00D1A890 /* IOKit.framework */; };
		5087E76317EB910900C73F5D /* Foundation.framework */ = {isa = PBXBuildFile; fileRef = 1D30AB110D05D00D00671497 /* Foundation.framework */; };
		5087E76717EB910900C73F5D /* libz.dylib */ = {isa = PBXBuildFile; fileRef = BF170DB412928DE900B8313A /* libz.dylib */; };
		5087E76817EB910900C73F5D /* QuartzCore.framework */ = {isa = PBXBuildFile; fileRef = BF1C47EA1293683800B63C5D /* QuartzCore.framework */; };
		5087E76917EB910900C73F5D /* OpenAL.framework */ = {isa = PBXBuildFile; fileRef = D44C620B132DFF330009C878 /* OpenAL.framework */; };
		5087E76A17EB910900C73F5D /* AVFoundation.framework */ = {isa = PBXBuildFile; fileRef = D44C620D132DFF430009C878 /* AVFoundation.framework */; };
		5087E76B17EB910900C73F5D /* AudioToolbox.framework */ = {isa = PBXBuildFile; fileRef = D44C620F132DFF4E0009C878 /* AudioToolbox.framework */; };
		5087E77D17EB970100C73F5D /* Default-568h@2x.png */ = {isa = PBXBuildFile; fileRef = 5087E77217EB970100C73F5D /* Default-568h@2x.png */; };
		5087E77E17EB970100C73F5D /* Default.png */ = {isa = PBXBuildFile; fileRef = 5087E77317EB970100C73F5D /* Default.png */; };
		5087E77F17EB970100C73F5D /* Default@2x.png */ = {isa = PBXBuildFile; fileRef = 5087E77417EB970100C73F5D /* Default@2x.png */; };
		5087E78017EB970100C73F5D /* Icon-114.png */ = {isa = PBXBuildFile; fileRef = 5087E77517EB970100C73F5D /* Icon-114.png */; };
		5087E78117EB970100C73F5D /* Icon-120.png */ = {isa = PBXBuildFile; fileRef = 5087E77617EB970100C73F5D /* Icon-120.png */; };
		5087E78217EB970100C73F5D /* Icon-144.png */ = {isa = PBXBuildFile; fileRef = 5087E77717EB970100C73F5D /* Icon-144.png */; };
		5087E78317EB970100C73F5D /* Icon-152.png */ = {isa = PBXBuildFile; fileRef = 5087E77817EB970100C73F5D /* Icon-152.png */; };
		5087E78417EB970100C73F5D /* Icon-57.png */ = {isa = PBXBuildFile; fileRef = 5087E77917EB970100C73F5D /* Icon-57.png */; };
		5087E78517EB970100C73F5D /* Icon-72.png */ = {isa = PBXBuildFile; fileRef = 5087E77A17EB970100C73F5D /* Icon-72.png */; };
		5087E78617EB970100C73F5D /* Icon-76.png */ = {isa = PBXBuildFile; fileRef = 5087E77B17EB970100C73F5D /* Icon-76.png */; };
		5087E78917EB974C00C73F5D /* AppKit.framework */ = {isa = PBXBuildFile; fileRef = 5087E78817EB974C00C73F5D /* AppKit.framework */; };
		5087E78B17EB975400C73F5D /* OpenGL.framework */ = {isa = PBXBuildFile; fileRef = 5087E78A17EB975400C73F5D /* OpenGL.framework */; };
		50EF629617ECD46A001EB2F8 /* Icon-40.png */ = {isa = PBXBuildFile; fileRef = 50EF629217ECD46A001EB2F8 /* Icon-40.png */; };
		50EF629717ECD46A001EB2F8 /* Icon-58.png */ = {isa = PBXBuildFile; fileRef = 50EF629317ECD46A001EB2F8 /* Icon-58.png */; };
		50EF629817ECD46A001EB2F8 /* Icon-80.png */ = {isa = PBXBuildFile; fileRef = 50EF629417ECD46A001EB2F8 /* Icon-80.png */; };
		50EF629917ECD46A001EB2F8 /* Icon-100.png */ = {isa = PBXBuildFile; fileRef = 50EF629517ECD46A001EB2F8 /* Icon-100.png */; };
		50EF62A217ECD613001EB2F8 /* Icon-29.png */ = {isa = PBXBuildFile; fileRef = 50EF62A017ECD613001EB2F8 /* Icon-29.png */; };
		50EF62A317ECD613001EB2F8 /* Icon-50.png */ = {isa = PBXBuildFile; fileRef = 50EF62A117ECD613001EB2F8 /* Icon-50.png */; };
		521A8E6419F0C34300D177D7 /* Default-667h@2x.png */ = {isa = PBXBuildFile; fileRef = 521A8E6219F0C34300D177D7 /* Default-667h@2x.png */; };
		521A8E6519F0C34300D177D7 /* Default-736h@3x.png */ = {isa = PBXBuildFile; fileRef = 521A8E6319F0C34300D177D7 /* Default-736h@3x.png */; };
		52B47A471A53D09C004E4C60 /* Security.framework */ = {isa = PBXBuildFile; fileRef = 52B47A461A53D09B004E4C60 /* Security.framework */; };
		6B51417BADC7423933A65098 /* sdkbox_config.json */ = {isa = PBXBuildFile; fileRef = 38DD491FB50FAFD85CE77159 /* sdkbox_config.json */; };
		716D49929E0AD9DB4EB9186A /* sdkbox_config.json */ = {isa = PBXBuildFile; fileRef = 38DD491FB50FAFD85CE77159 /* sdkbox_config.json */; };
		7AB94C6A95BCF2B4CA3DF1DC /* res */ = {isa = PBXBuildFile; fileRef = FA144D09A52357282113E0F8 /* res */; };
		7DC44978959FB5FD900BE94A /* PluginFlurryAnalytics.framework */ = {isa = PBXBuildFile; fileRef = FA274F4CB8922BE63DF0C4E0 /* PluginFlurryAnalytics.framework */; };
		8262943E1AAF051F00CB7CF7 /* Security.framework */ = {isa = PBXBuildFile; fileRef = 8262943D1AAF051F00CB7CF7 /* Security.framework */; };
		937F4FDD83CB15880A243769 /* SystemConfiguration.framework */ = {isa = PBXBuildFile; fileRef = 14664E8EA2F90ECD9ED705D6 /* SystemConfiguration.framework */; };
		B1AF495EBF5E2CF2DAF25E20 /* sdkbox.framework */ = {isa = PBXBuildFile; fileRef = 461943BB8090E83132898F04 /* sdkbox.framework */; };
		BF171245129291EC00B8313A /* OpenGLES.framework */ = {isa = PBXBuildFile; fileRef = BF170DB012928DE900B8313A /* OpenGLES.framework */; };
		BF1712471292920000B8313A /* libz.dylib */ = {isa = PBXBuildFile; fileRef = BF170DB412928DE900B8313A /* libz.dylib */; };
		BF1C47F01293687400B63C5D /* QuartzCore.framework */ = {isa = PBXBuildFile; fileRef = BF1C47EA1293683800B63C5D /* QuartzCore.framework */; };
		D44C620C132DFF330009C878 /* OpenAL.framework */ = {isa = PBXBuildFile; fileRef = D44C620B132DFF330009C878 /* OpenAL.framework */; };
		D44C620E132DFF430009C878 /* AVFoundation.framework */ = {isa = PBXBuildFile; fileRef = D44C620D132DFF430009C878 /* AVFoundation.framework */; };
		D44C6210132DFF4E0009C878 /* AudioToolbox.framework */ = {isa = PBXBuildFile; fileRef = D44C620F132DFF4E0009C878 /* AudioToolbox.framework */; };
		D6B0611B1803AB670077942B /* CoreMotion.framework */ = {isa = PBXBuildFile; fileRef = D6B0611A1803AB670077942B /* CoreMotion.framework */; };
		E9484FEAAB366821196813B0 /* sdkbox.framework */ = {isa = PBXBuildFile; fileRef = 461943BB8090E83132898F04 /* sdkbox.framework */; };
/* End PBXBuildFile section */

/* Begin PBXFileReference section */
		03019EF61B755AEA000C4CDC /* Rank */ = {isa = PBXFileReference; lastKnownFileType = folder; name = Rank; path = Images/Rank; sourceTree = "<group>"; };
		03019EF91B75DEA9000C4CDC /* EntityContainer.cpp */ = {isa = PBXFileReference; fileEncoding = 4; lastKnownFileType = sourcecode.cpp.cpp; path = EntityContainer.cpp; sourceTree = "<group>"; };
		03019EFA1B75DEA9000C4CDC /* EntityContainer.h */ = {isa = PBXFileReference; fileEncoding = 4; lastKnownFileType = sourcecode.c.h; lineEnding = 0; path = EntityContainer.h; sourceTree = "<group>"; xcLanguageSpecificationIdentifier = xcode.lang.objcpp; };
		031B09021B6EBE50005269F4 /* Particles */ = {isa = PBXFileReference; lastKnownFileType = folder; path = Particles; sourceTree = "<group>"; };
		031C15661B67F747007D0FEC /* ColorConstants.h */ = {isa = PBXFileReference; fileEncoding = 4; lastKnownFileType = sourcecode.c.h; path = ColorConstants.h; sourceTree = "<group>"; };
		031C15681B68292C007D0FEC /* ScoreLabel.cpp */ = {isa = PBXFileReference; fileEncoding = 4; lastKnownFileType = sourcecode.cpp.cpp; path = ScoreLabel.cpp; sourceTree = "<group>"; };
		031C15691B68292C007D0FEC /* ScoreLabel.h */ = {isa = PBXFileReference; fileEncoding = 4; lastKnownFileType = sourcecode.c.h; path = ScoreLabel.h; sourceTree = "<group>"; };
		031C156A1B68292C007D0FEC /* ScoreLabelReader.cpp */ = {isa = PBXFileReference; fileEncoding = 4; lastKnownFileType = sourcecode.cpp.cpp; path = ScoreLabelReader.cpp; sourceTree = "<group>"; };
		031C156B1B68292C007D0FEC /* ScoreLabelReader.h */ = {isa = PBXFileReference; fileEncoding = 4; lastKnownFileType = sourcecode.c.h; path = ScoreLabelReader.h; sourceTree = "<group>"; };
		031C15701B683DE7007D0FEC /* UserDataManager.cpp */ = {isa = PBXFileReference; fileEncoding = 4; lastKnownFileType = sourcecode.cpp.cpp; path = UserDataManager.cpp; sourceTree = "<group>"; };
		031C15711B683DE7007D0FEC /* UserDataManager.h */ = {isa = PBXFileReference; fileEncoding = 4; lastKnownFileType = sourcecode.c.h; path = UserDataManager.h; sourceTree = "<group>"; };
		0342E5C01B66CBEB009B737E /* Coin.cpp */ = {isa = PBXFileReference; fileEncoding = 4; lastKnownFileType = sourcecode.cpp.cpp; path = Coin.cpp; sourceTree = "<group>"; };
		0342E5C11B66CBEB009B737E /* Coin.h */ = {isa = PBXFileReference; fileEncoding = 4; lastKnownFileType = sourcecode.c.h; path = Coin.h; sourceTree = "<group>"; };
		0342E5C21B66CBEB009B737E /* CoinReader.cpp */ = {isa = PBXFileReference; fileEncoding = 4; lastKnownFileType = sourcecode.cpp.cpp; path = CoinReader.cpp; sourceTree = "<group>"; };
		0342E5C31B66CBEB009B737E /* CoinReader.h */ = {isa = PBXFileReference; fileEncoding = 4; lastKnownFileType = sourcecode.c.h; path = CoinReader.h; sourceTree = "<group>"; };
		0342E5CA1B66CC3D009B737E /* CoinContainer.cpp */ = {isa = PBXFileReference; fileEncoding = 4; lastKnownFileType = sourcecode.cpp.cpp; path = CoinContainer.cpp; sourceTree = "<group>"; };
		0342E5CB1B66CC3D009B737E /* CoinContainer.h */ = {isa = PBXFileReference; fileEncoding = 4; lastKnownFileType = sourcecode.c.h; path = CoinContainer.h; sourceTree = "<group>"; };
		0342E5D41B66D8CC009B737E /* Images.xcassets */ = {isa = PBXFileReference; lastKnownFileType = folder.assetcatalog; name = Images.xcassets; path = "DotWar iOS/Images.xcassets"; sourceTree = SOURCE_ROOT; };
		0342E5D61B66ED80009B737E /* GameResultLayer.cpp */ = {isa = PBXFileReference; fileEncoding = 4; lastKnownFileType = sourcecode.cpp.cpp; path = GameResultLayer.cpp; sourceTree = "<group>"; };
		0342E5D71B66ED80009B737E /* GameResultLayer.h */ = {isa = PBXFileReference; fileEncoding = 4; lastKnownFileType = sourcecode.c.h; path = GameResultLayer.h; sourceTree = "<group>"; };
		0342E5D81B66ED80009B737E /* GameResultLayerReader.cpp */ = {isa = PBXFileReference; fileEncoding = 4; lastKnownFileType = sourcecode.cpp.cpp; path = GameResultLayerReader.cpp; sourceTree = "<group>"; };
		0342E5D91B66ED80009B737E /* GameResultLayerReader.h */ = {isa = PBXFileReference; fileEncoding = 4; lastKnownFileType = sourcecode.c.h; path = GameResultLayerReader.h; sourceTree = "<group>"; };
		034F41061B5D529E00167F16 /* EntityAI.cpp */ = {isa = PBXFileReference; fileEncoding = 4; lastKnownFileType = sourcecode.cpp.cpp; lineEnding = 0; path = EntityAI.cpp; sourceTree = "<group>"; xcLanguageSpecificationIdentifier = xcode.lang.cpp; };
		034F41071B5D529E00167F16 /* EntityAI.h */ = {isa = PBXFileReference; fileEncoding = 4; lastKnownFileType = sourcecode.c.h; lineEnding = 0; path = EntityAI.h; sourceTree = "<group>"; xcLanguageSpecificationIdentifier = xcode.lang.objcpp; };
		0351AF911B726B0E0004AA6F /* TutorialLayer.cpp */ = {isa = PBXFileReference; fileEncoding = 4; lastKnownFileType = sourcecode.cpp.cpp; path = TutorialLayer.cpp; sourceTree = "<group>"; };
		0351AF921B726B0E0004AA6F /* TutorialLayer.h */ = {isa = PBXFileReference; fileEncoding = 4; lastKnownFileType = sourcecode.c.h; path = TutorialLayer.h; sourceTree = "<group>"; };
		0351AF931B726B0E0004AA6F /* TutorialLayerReader.cpp */ = {isa = PBXFileReference; fileEncoding = 4; lastKnownFileType = sourcecode.cpp.cpp; path = TutorialLayerReader.cpp; sourceTree = "<group>"; };
		0351AF941B726B0E0004AA6F /* TutorialLayerReader.h */ = {isa = PBXFileReference; fileEncoding = 4; lastKnownFileType = sourcecode.c.h; path = TutorialLayerReader.h; sourceTree = "<group>"; };
		036376CD1B773470000B3F46 /* CoinLabel.cpp */ = {isa = PBXFileReference; fileEncoding = 4; lastKnownFileType = sourcecode.cpp.cpp; path = CoinLabel.cpp; sourceTree = "<group>"; };
		036376CE1B773470000B3F46 /* CoinLabel.h */ = {isa = PBXFileReference; fileEncoding = 4; lastKnownFileType = sourcecode.c.h; path = CoinLabel.h; sourceTree = "<group>"; };
		036376CF1B773470000B3F46 /* CoinLabelReader.cpp */ = {isa = PBXFileReference; fileEncoding = 4; lastKnownFileType = sourcecode.cpp.cpp; path = CoinLabelReader.cpp; sourceTree = "<group>"; };
		036376D01B773470000B3F46 /* CoinLabelReader.h */ = {isa = PBXFileReference; fileEncoding = 4; lastKnownFileType = sourcecode.c.h; path = CoinLabelReader.h; sourceTree = "<group>"; };
		038DE7681B60A71B00F1C861 /* EntitySynchronizer.cpp */ = {isa = PBXFileReference; fileEncoding = 4; lastKnownFileType = sourcecode.cpp.cpp; path = EntitySynchronizer.cpp; sourceTree = "<group>"; };
		038DE7691B60A71B00F1C861 /* EntitySynchronizer.h */ = {isa = PBXFileReference; fileEncoding = 4; lastKnownFileType = sourcecode.c.h; path = EntitySynchronizer.h; sourceTree = "<group>"; };
		038EE8D41B6AAC3200D6A928 /* PowerUpScene.cpp */ = {isa = PBXFileReference; fileEncoding = 4; lastKnownFileType = sourcecode.cpp.cpp; path = PowerUpScene.cpp; sourceTree = "<group>"; };
		038EE8D51B6AAC3200D6A928 /* PowerUpScene.h */ = {isa = PBXFileReference; fileEncoding = 4; lastKnownFileType = sourcecode.c.h; path = PowerUpScene.h; sourceTree = "<group>"; };
		03917D531B56C9B90068BCA6 /* Circle.cpp */ = {isa = PBXFileReference; fileEncoding = 4; lastKnownFileType = sourcecode.cpp.cpp; path = Circle.cpp; sourceTree = "<group>"; };
		03917D541B56C9B90068BCA6 /* Circle.h */ = {isa = PBXFileReference; fileEncoding = 4; lastKnownFileType = sourcecode.c.h; path = Circle.h; sourceTree = "<group>"; };
		03917D551B56C9B90068BCA6 /* CircleReader.cpp */ = {isa = PBXFileReference; fileEncoding = 4; lastKnownFileType = sourcecode.cpp.cpp; path = CircleReader.cpp; sourceTree = "<group>"; };
		03917D561B56C9B90068BCA6 /* CircleReader.h */ = {isa = PBXFileReference; fileEncoding = 4; lastKnownFileType = sourcecode.c.h; path = CircleReader.h; sourceTree = "<group>"; };
		03917D5D1B56D1910068BCA6 /* EntityConstants.h */ = {isa = PBXFileReference; lastKnownFileType = sourcecode.c.h; path = EntityConstants.h; sourceTree = "<group>"; };
		03917D5E1B56EDC60068BCA6 /* Triangle.cpp */ = {isa = PBXFileReference; fileEncoding = 4; lastKnownFileType = sourcecode.cpp.cpp; path = Triangle.cpp; sourceTree = "<group>"; };
		03917D5F1B56EDC60068BCA6 /* Triangle.h */ = {isa = PBXFileReference; fileEncoding = 4; lastKnownFileType = sourcecode.c.h; path = Triangle.h; sourceTree = "<group>"; };
		03917D601B56EDC60068BCA6 /* TriangleReader.cpp */ = {isa = PBXFileReference; fileEncoding = 4; lastKnownFileType = sourcecode.cpp.cpp; path = TriangleReader.cpp; sourceTree = "<group>"; };
		03917D611B56EDC60068BCA6 /* TriangleReader.h */ = {isa = PBXFileReference; fileEncoding = 4; lastKnownFileType = sourcecode.c.h; path = TriangleReader.h; sourceTree = "<group>"; };
		03917D661B56F7FC0068BCA6 /* MenuScene.cpp */ = {isa = PBXFileReference; fileEncoding = 4; lastKnownFileType = sourcecode.cpp.cpp; path = MenuScene.cpp; sourceTree = "<group>"; };
		03917D671B56F7FC0068BCA6 /* MenuScene.h */ = {isa = PBXFileReference; fileEncoding = 4; lastKnownFileType = sourcecode.c.h; path = MenuScene.h; sourceTree = "<group>"; };
		03917D6B1B56FD030068BCA6 /* NetworkingWrapper.h */ = {isa = PBXFileReference; fileEncoding = 4; lastKnownFileType = sourcecode.c.h; path = NetworkingWrapper.h; sourceTree = "<group>"; };
		03917D6C1B56FD030068BCA6 /* NetworkingWrapper.mm */ = {isa = PBXFileReference; fileEncoding = 4; lastKnownFileType = sourcecode.cpp.objcpp; path = NetworkingWrapper.mm; sourceTree = "<group>"; };
		03917D6D1B56FD030068BCA6 /* NetworkManager.h */ = {isa = PBXFileReference; fileEncoding = 4; lastKnownFileType = sourcecode.c.h; path = NetworkManager.h; sourceTree = "<group>"; };
		03917D6E1B56FD030068BCA6 /* NetworkManager.mm */ = {isa = PBXFileReference; fileEncoding = 4; lastKnownFileType = sourcecode.cpp.objcpp; path = NetworkManager.mm; sourceTree = "<group>"; };
		03917D6F1B56FD030068BCA6 /* NetworkManagerDelegate.h */ = {isa = PBXFileReference; fileEncoding = 4; lastKnownFileType = sourcecode.c.h; path = NetworkManagerDelegate.h; sourceTree = "<group>"; };
		03917D741B56FD2C0068BCA6 /* MultipeerConnectivity.framework */ = {isa = PBXFileReference; lastKnownFileType = wrapper.framework; name = MultipeerConnectivity.framework; path = Platforms/iPhoneOS.platform/Developer/SDKs/iPhoneOS8.4.sdk/System/Library/Frameworks/MultipeerConnectivity.framework; sourceTree = DEVELOPER_DIR; };
		03917D791B56FE220068BCA6 /* GameSceneManager.cpp */ = {isa = PBXFileReference; fileEncoding = 4; lastKnownFileType = sourcecode.cpp.cpp; path = GameSceneManager.cpp; sourceTree = "<group>"; };
		03917D7A1B56FE220068BCA6 /* GameSceneManager.h */ = {isa = PBXFileReference; fileEncoding = 4; lastKnownFileType = sourcecode.c.h; path = GameSceneManager.h; sourceTree = "<group>"; };
		03917D7E1B5712800068BCA6 /* JSONPacker.cpp */ = {isa = PBXFileReference; fileEncoding = 4; lastKnownFileType = sourcecode.cpp.cpp; path = JSONPacker.cpp; sourceTree = "<group>"; };
		03917D7F1B5712800068BCA6 /* JSONPacker.h */ = {isa = PBXFileReference; fileEncoding = 4; lastKnownFileType = sourcecode.c.h; path = JSONPacker.h; sourceTree = "<group>"; };
		03917D821B57230B0068BCA6 /* Entity.cpp */ = {isa = PBXFileReference; fileEncoding = 4; lastKnownFileType = sourcecode.cpp.cpp; path = Entity.cpp; sourceTree = "<group>"; };
		03917D831B57230B0068BCA6 /* Entity.h */ = {isa = PBXFileReference; fileEncoding = 4; lastKnownFileType = sourcecode.c.h; path = Entity.h; sourceTree = "<group>"; };
		039659B71B5F113E006E587B /* EntityHelper.cpp */ = {isa = PBXFileReference; fileEncoding = 4; lastKnownFileType = sourcecode.cpp.cpp; path = EntityHelper.cpp; sourceTree = "<group>"; };
		039659B81B5F113E006E587B /* EntityHelper.h */ = {isa = PBXFileReference; fileEncoding = 4; lastKnownFileType = sourcecode.c.h; path = EntityHelper.h; sourceTree = "<group>"; };
		0399AB4C1B655C590069507F /* StageSelectScene.cpp */ = {isa = PBXFileReference; fileEncoding = 4; lastKnownFileType = sourcecode.cpp.cpp; path = StageSelectScene.cpp; sourceTree = "<group>"; };
		0399AB4D1B655C590069507F /* StageSelectScene.h */ = {isa = PBXFileReference; fileEncoding = 4; lastKnownFileType = sourcecode.c.h; path = StageSelectScene.h; sourceTree = "<group>"; };
		039EB4CE1B6C240700884C73 /* GamePauseLayer.cpp */ = {isa = PBXFileReference; fileEncoding = 4; lastKnownFileType = sourcecode.cpp.cpp; path = GamePauseLayer.cpp; sourceTree = "<group>"; };
		039EB4CF1B6C240700884C73 /* GamePauseLayer.h */ = {isa = PBXFileReference; fileEncoding = 4; lastKnownFileType = sourcecode.c.h; path = GamePauseLayer.h; sourceTree = "<group>"; };
		039EB4D01B6C240700884C73 /* GamePauseLayerReader.cpp */ = {isa = PBXFileReference; fileEncoding = 4; lastKnownFileType = sourcecode.cpp.cpp; path = GamePauseLayerReader.cpp; sourceTree = "<group>"; };
		039EB4D11B6C240700884C73 /* GamePauseLayerReader.h */ = {isa = PBXFileReference; fileEncoding = 4; lastKnownFileType = sourcecode.c.h; path = GamePauseLayerReader.h; sourceTree = "<group>"; };
		03B167B11B58301C005D1FF6 /* EntityStateMachine.cpp */ = {isa = PBXFileReference; fileEncoding = 4; lastKnownFileType = sourcecode.cpp.cpp; path = EntityStateMachine.cpp; sourceTree = "<group>"; };
		03B167B21B58301C005D1FF6 /* EntityStateMachine.h */ = {isa = PBXFileReference; fileEncoding = 4; lastKnownFileType = sourcecode.c.h; path = EntityStateMachine.h; sourceTree = "<group>"; };
		03B167B91B59928F005D1FF6 /* GameConstants.h */ = {isa = PBXFileReference; lastKnownFileType = sourcecode.c.h; path = GameConstants.h; sourceTree = "<group>"; };
		03B167BA1B59C085005D1FF6 /* cocos2d_libs.xcodeproj */ = {isa = PBXFileReference; lastKnownFileType = wrapper.pb-project; name = cocos2d_libs.xcodeproj; path = ../cocos2d/build/cocos2d_libs.xcodeproj; sourceTree = "<group>"; };
		03D709921B657BD70056912B /* StageComponent.cpp */ = {isa = PBXFileReference; fileEncoding = 4; lastKnownFileType = sourcecode.cpp.cpp; path = StageComponent.cpp; sourceTree = "<group>"; };
		03D709931B657BD70056912B /* StageComponent.h */ = {isa = PBXFileReference; fileEncoding = 4; lastKnownFileType = sourcecode.c.h; path = StageComponent.h; sourceTree = "<group>"; };
		03D709941B657BD70056912B /* StageComponentReader.cpp */ = {isa = PBXFileReference; fileEncoding = 4; lastKnownFileType = sourcecode.cpp.cpp; path = StageComponentReader.cpp; sourceTree = "<group>"; };
		03D709951B657BD70056912B /* StageComponentReader.h */ = {isa = PBXFileReference; fileEncoding = 4; lastKnownFileType = sourcecode.c.h; path = StageComponentReader.h; sourceTree = "<group>"; };
		03D7099C1B6582210056912B /* EntityFactory.cpp */ = {isa = PBXFileReference; fileEncoding = 4; lastKnownFileType = sourcecode.cpp.cpp; path = EntityFactory.cpp; sourceTree = "<group>"; };
		03D7099D1B6582210056912B /* EntityFactory.h */ = {isa = PBXFileReference; fileEncoding = 4; lastKnownFileType = sourcecode.c.h; path = EntityFactory.h; sourceTree = "<group>"; };
		14664E8EA2F90ECD9ED705D6 /* SystemConfiguration.framework */ = {isa = PBXFileReference; lastKnownFileType = wrapper.framework; name = SystemConfiguration.framework; path = Platforms/iPhoneOS.platform/Developer/SDKs/iPhoneOS.sdk/System/Library/Frameworks/SystemConfiguration.framework; sourceTree = DEVELOPER_DIR; };
		1ACB3243164770DE00914215 /* libcurl.a */ = {isa = PBXFileReference; lastKnownFileType = archive.ar; name = libcurl.a; path = ../../cocos2dx/platform/third_party/ios/libraries/libcurl.a; sourceTree = "<group>"; };
		1D30AB110D05D00D00671497 /* Foundation.framework */ = {isa = PBXFileReference; lastKnownFileType = wrapper.framework; name = Foundation.framework; path = System/Library/Frameworks/Foundation.framework; sourceTree = SDKROOT; };
		1D6058910D05DD3D006BFB54 /* DotWar iOS.app */ = {isa = PBXFileReference; explicitFileType = wrapper.application; includeInIndex = 0; path = "DotWar iOS.app"; sourceTree = BUILT_PRODUCTS_DIR; };
		1DF5F4DF0D08C38300B7A737 /* UIKit.framework */ = {isa = PBXFileReference; lastKnownFileType = wrapper.framework; name = UIKit.framework; path = System/Library/Frameworks/UIKit.framework; sourceTree = SDKROOT; };
		288765A40DF7441C002DB57D /* CoreGraphics.framework */ = {isa = PBXFileReference; lastKnownFileType = wrapper.framework; name = CoreGraphics.framework; path = System/Library/Frameworks/CoreGraphics.framework; sourceTree = SDKROOT; };
		38DD491FB50FAFD85CE77159 /* sdkbox_config.json */ = {isa = PBXFileReference; lastKnownFileType = text.json; name = sdkbox_config.json; path = /Users/tamakiryu/Develop/MakeSchool/DotWar/Resources/sdkbox_config.json; sourceTree = "<absolute>"; };
		461943BB8090E83132898F04 /* sdkbox.framework */ = {isa = PBXFileReference; lastKnownFileType = wrapper.framework; name = sdkbox.framework; path = sdkbox.framework; sourceTree = "<group>"; };
		46880B8419C43A87006E1F66 /* AppDelegate.cpp */ = {isa = PBXFileReference; fileEncoding = 4; lastKnownFileType = sourcecode.cpp.cpp; path = AppDelegate.cpp; sourceTree = "<group>"; };
		46880B8519C43A87006E1F66 /* AppDelegate.h */ = {isa = PBXFileReference; fileEncoding = 4; lastKnownFileType = sourcecode.c.h; path = AppDelegate.h; sourceTree = "<group>"; };
		46880B8619C43A87006E1F66 /* GameScene.cpp */ = {isa = PBXFileReference; fileEncoding = 4; lastKnownFileType = sourcecode.cpp.cpp; lineEnding = 0; path = GameScene.cpp; sourceTree = "<group>"; xcLanguageSpecificationIdentifier = xcode.lang.cpp; };
		46880B8719C43A87006E1F66 /* GameScene.h */ = {isa = PBXFileReference; fileEncoding = 4; lastKnownFileType = sourcecode.c.h; lineEnding = 0; path = GameScene.h; sourceTree = "<group>"; xcLanguageSpecificationIdentifier = xcode.lang.objcpp; };
		503AE0F617EB97AB00D1A890 /* Icon.icns */ = {isa = PBXFileReference; lastKnownFileType = image.icns; path = Icon.icns; sourceTree = "<group>"; };
		503AE0F717EB97AB00D1A890 /* Info.plist */ = {isa = PBXFileReference; fileEncoding = 4; lastKnownFileType = text.plist.xml; path = Info.plist; sourceTree = "<group>"; };
		503AE0FA17EB989F00D1A890 /* AppController.h */ = {isa = PBXFileReference; fileEncoding = 4; lastKnownFileType = sourcecode.c.h; name = AppController.h; path = ios/AppController.h; sourceTree = SOURCE_ROOT; };
		503AE0FB17EB989F00D1A890 /* AppController.mm */ = {isa = PBXFileReference; fileEncoding = 4; lastKnownFileType = sourcecode.cpp.objcpp; name = AppController.mm; path = ios/AppController.mm; sourceTree = SOURCE_ROOT; };
		503AE0FC17EB989F00D1A890 /* main.m */ = {isa = PBXFileReference; fileEncoding = 4; lastKnownFileType = sourcecode.c.objc; name = main.m; path = ios/main.m; sourceTree = SOURCE_ROOT; };
		503AE0FD17EB989F00D1A890 /* Prefix.pch */ = {isa = PBXFileReference; fileEncoding = 4; lastKnownFileType = sourcecode.c.h; name = Prefix.pch; path = ios/Prefix.pch; sourceTree = SOURCE_ROOT; };
		503AE0FE17EB989F00D1A890 /* RootViewController.h */ = {isa = PBXFileReference; fileEncoding = 4; lastKnownFileType = sourcecode.c.h; name = RootViewController.h; path = ios/RootViewController.h; sourceTree = SOURCE_ROOT; };
		503AE0FF17EB989F00D1A890 /* RootViewController.mm */ = {isa = PBXFileReference; fileEncoding = 4; lastKnownFileType = sourcecode.cpp.objcpp; name = RootViewController.mm; path = ios/RootViewController.mm; sourceTree = SOURCE_ROOT; };
		503AE10317EB98FF00D1A890 /* main.cpp */ = {isa = PBXFileReference; fileEncoding = 4; lastKnownFileType = sourcecode.cpp.cpp; name = main.cpp; path = mac/main.cpp; sourceTree = "<group>"; };
		503AE10417EB98FF00D1A890 /* Prefix.pch */ = {isa = PBXFileReference; fileEncoding = 4; lastKnownFileType = sourcecode.c.h; name = Prefix.pch; path = mac/Prefix.pch; sourceTree = "<group>"; };
		503AE11117EB99EE00D1A890 /* libcurl.dylib */ = {isa = PBXFileReference; lastKnownFileType = compiled.mach-o.dylib; name = libcurl.dylib; path = usr/lib/libcurl.dylib; sourceTree = SDKROOT; };
		503AE11A17EB9C5A00D1A890 /* IOKit.framework */ = {isa = PBXFileReference; lastKnownFileType = wrapper.framework; name = IOKit.framework; path = System/Library/Frameworks/IOKit.framework; sourceTree = SDKROOT; };
		5087E76F17EB910900C73F5D /* DotWar Mac.app */ = {isa = PBXFileReference; explicitFileType = wrapper.application; includeInIndex = 0; path = "DotWar Mac.app"; sourceTree = BUILT_PRODUCTS_DIR; };
		5087E77217EB970100C73F5D /* Default-568h@2x.png */ = {isa = PBXFileReference; lastKnownFileType = image.png; path = "Default-568h@2x.png"; sourceTree = "<group>"; };
		5087E77317EB970100C73F5D /* Default.png */ = {isa = PBXFileReference; lastKnownFileType = image.png; path = Default.png; sourceTree = "<group>"; };
		5087E77417EB970100C73F5D /* Default@2x.png */ = {isa = PBXFileReference; lastKnownFileType = image.png; path = "Default@2x.png"; sourceTree = "<group>"; };
		5087E77517EB970100C73F5D /* Icon-114.png */ = {isa = PBXFileReference; lastKnownFileType = image.png; path = Icon-114.png; sourceTree = "<group>"; };
		5087E77617EB970100C73F5D /* Icon-120.png */ = {isa = PBXFileReference; lastKnownFileType = image.png; path = Icon-120.png; sourceTree = "<group>"; };
		5087E77717EB970100C73F5D /* Icon-144.png */ = {isa = PBXFileReference; lastKnownFileType = image.png; path = Icon-144.png; sourceTree = "<group>"; };
		5087E77817EB970100C73F5D /* Icon-152.png */ = {isa = PBXFileReference; lastKnownFileType = image.png; path = Icon-152.png; sourceTree = "<group>"; };
		5087E77917EB970100C73F5D /* Icon-57.png */ = {isa = PBXFileReference; lastKnownFileType = image.png; path = Icon-57.png; sourceTree = "<group>"; };
		5087E77A17EB970100C73F5D /* Icon-72.png */ = {isa = PBXFileReference; lastKnownFileType = image.png; path = Icon-72.png; sourceTree = "<group>"; };
		5087E77B17EB970100C73F5D /* Icon-76.png */ = {isa = PBXFileReference; lastKnownFileType = image.png; path = Icon-76.png; sourceTree = "<group>"; };
		5087E77C17EB970100C73F5D /* Info.plist */ = {isa = PBXFileReference; fileEncoding = 4; lastKnownFileType = text.plist.xml; path = Info.plist; sourceTree = "<group>"; };
		5087E78817EB974C00C73F5D /* AppKit.framework */ = {isa = PBXFileReference; lastKnownFileType = wrapper.framework; name = AppKit.framework; path = System/Library/Frameworks/AppKit.framework; sourceTree = SDKROOT; };
		5087E78A17EB975400C73F5D /* OpenGL.framework */ = {isa = PBXFileReference; lastKnownFileType = wrapper.framework; name = OpenGL.framework; path = System/Library/Frameworks/OpenGL.framework; sourceTree = SDKROOT; };
		50EF629217ECD46A001EB2F8 /* Icon-40.png */ = {isa = PBXFileReference; lastKnownFileType = image.png; path = Icon-40.png; sourceTree = "<group>"; };
		50EF629317ECD46A001EB2F8 /* Icon-58.png */ = {isa = PBXFileReference; lastKnownFileType = image.png; path = Icon-58.png; sourceTree = "<group>"; };
		50EF629417ECD46A001EB2F8 /* Icon-80.png */ = {isa = PBXFileReference; lastKnownFileType = image.png; path = Icon-80.png; sourceTree = "<group>"; };
		50EF629517ECD46A001EB2F8 /* Icon-100.png */ = {isa = PBXFileReference; lastKnownFileType = image.png; path = Icon-100.png; sourceTree = "<group>"; };
		50EF62A017ECD613001EB2F8 /* Icon-29.png */ = {isa = PBXFileReference; lastKnownFileType = image.png; path = Icon-29.png; sourceTree = "<group>"; };
		50EF62A117ECD613001EB2F8 /* Icon-50.png */ = {isa = PBXFileReference; lastKnownFileType = image.png; path = Icon-50.png; sourceTree = "<group>"; };
		521A8E6219F0C34300D177D7 /* Default-667h@2x.png */ = {isa = PBXFileReference; lastKnownFileType = image.png; path = "Default-667h@2x.png"; sourceTree = "<group>"; };
		521A8E6319F0C34300D177D7 /* Default-736h@3x.png */ = {isa = PBXFileReference; lastKnownFileType = image.png; path = "Default-736h@3x.png"; sourceTree = "<group>"; };
		52B47A461A53D09B004E4C60 /* Security.framework */ = {isa = PBXFileReference; lastKnownFileType = wrapper.framework; name = Security.framework; path = Platforms/iPhoneOS.platform/Developer/SDKs/iPhoneOS8.1.sdk/System/Library/Frameworks/Security.framework; sourceTree = DEVELOPER_DIR; };
		8262943D1AAF051F00CB7CF7 /* Security.framework */ = {isa = PBXFileReference; lastKnownFileType = wrapper.framework; name = Security.framework; path = System/Library/Frameworks/Security.framework; sourceTree = SDKROOT; };
		BF170DB012928DE900B8313A /* OpenGLES.framework */ = {isa = PBXFileReference; lastKnownFileType = wrapper.framework; name = OpenGLES.framework; path = System/Library/Frameworks/OpenGLES.framework; sourceTree = SDKROOT; };
		BF170DB412928DE900B8313A /* libz.dylib */ = {isa = PBXFileReference; lastKnownFileType = compiled.mach-o.dylib; name = libz.dylib; path = usr/lib/libz.dylib; sourceTree = SDKROOT; };
		BF1C47EA1293683800B63C5D /* QuartzCore.framework */ = {isa = PBXFileReference; lastKnownFileType = wrapper.framework; name = QuartzCore.framework; path = System/Library/Frameworks/QuartzCore.framework; sourceTree = SDKROOT; };
		D44C620B132DFF330009C878 /* OpenAL.framework */ = {isa = PBXFileReference; lastKnownFileType = wrapper.framework; name = OpenAL.framework; path = System/Library/Frameworks/OpenAL.framework; sourceTree = SDKROOT; };
		D44C620D132DFF430009C878 /* AVFoundation.framework */ = {isa = PBXFileReference; lastKnownFileType = wrapper.framework; name = AVFoundation.framework; path = System/Library/Frameworks/AVFoundation.framework; sourceTree = SDKROOT; };
		D44C620F132DFF4E0009C878 /* AudioToolbox.framework */ = {isa = PBXFileReference; lastKnownFileType = wrapper.framework; name = AudioToolbox.framework; path = System/Library/Frameworks/AudioToolbox.framework; sourceTree = SDKROOT; };
		D6B0611A1803AB670077942B /* CoreMotion.framework */ = {isa = PBXFileReference; lastKnownFileType = wrapper.framework; name = CoreMotion.framework; path = Platforms/iPhoneOS.platform/Developer/SDKs/iPhoneOS7.0.sdk/System/Library/Frameworks/CoreMotion.framework; sourceTree = DEVELOPER_DIR; };
		FA144D09A52357282113E0F8 /* res */ = {isa = PBXFileReference; lastKnownFileType = "?"; name = res; path = ../Resources/res; sourceTree = "<group>"; };
		FA274F4CB8922BE63DF0C4E0 /* PluginFlurryAnalytics.framework */ = {isa = PBXFileReference; lastKnownFileType = wrapper.framework; name = PluginFlurryAnalytics.framework; path = PluginFlurryAnalytics.framework; sourceTree = "<group>"; };
/* End PBXFileReference section */

/* Begin PBXFrameworksBuildPhase section */
		1D60588F0D05DD3D006BFB54 /* Frameworks */ = {
			isa = PBXFrameworksBuildPhase;
			buildActionMask = 2147483647;
			files = (
				03B167C31B59C0B0005D1FF6 /* libcocos2d iOS.a */,
				03917D751B56FD2C0068BCA6 /* MultipeerConnectivity.framework */,
				52B47A471A53D09C004E4C60 /* Security.framework */,
				D6B0611B1803AB670077942B /* CoreMotion.framework */,
				1D60589F0D05DD5A006BFB54 /* Foundation.framework */,
				1DF5F4E00D08C38300B7A737 /* UIKit.framework */,
				288765A50DF7441C002DB57D /* CoreGraphics.framework */,
				BF171245129291EC00B8313A /* OpenGLES.framework */,
				BF1712471292920000B8313A /* libz.dylib */,
				BF1C47F01293687400B63C5D /* QuartzCore.framework */,
				D44C620C132DFF330009C878 /* OpenAL.framework */,
				D44C620E132DFF430009C878 /* AVFoundation.framework */,
				D44C6210132DFF4E0009C878 /* AudioToolbox.framework */,
				B1AF495EBF5E2CF2DAF25E20 /* sdkbox.framework */,
				0AA04E50BD398324651F0E04 /* PluginFlurryAnalytics.framework */,
				2A084E3CA106848ADD1806A7 /* SystemConfiguration.framework */,
			);
			runOnlyForDeploymentPostprocessing = 0;
		};
		5087E75C17EB910900C73F5D /* Frameworks */ = {
			isa = PBXFrameworksBuildPhase;
			buildActionMask = 2147483647;
			files = (
				03B167C41B59C0B8005D1FF6 /* libcocos2d Mac.a */,
				5087E76717EB910900C73F5D /* libz.dylib */,
				8262943E1AAF051F00CB7CF7 /* Security.framework */,
				503AE11B17EB9C5A00D1A890 /* IOKit.framework */,
				5087E78B17EB975400C73F5D /* OpenGL.framework */,
				5087E78917EB974C00C73F5D /* AppKit.framework */,
				5087E76317EB910900C73F5D /* Foundation.framework */,
				5087E76817EB910900C73F5D /* QuartzCore.framework */,
				5087E76917EB910900C73F5D /* OpenAL.framework */,
				5087E76A17EB910900C73F5D /* AVFoundation.framework */,
				5087E76B17EB910900C73F5D /* AudioToolbox.framework */,
				E9484FEAAB366821196813B0 /* sdkbox.framework */,
				7DC44978959FB5FD900BE94A /* PluginFlurryAnalytics.framework */,
				937F4FDD83CB15880A243769 /* SystemConfiguration.framework */,
			);
			runOnlyForDeploymentPostprocessing = 0;
		};
/* End PBXFrameworksBuildPhase section */

/* Begin PBXGroup section */
		03917D6A1B56FD030068BCA6 /* networking */ = {
			isa = PBXGroup;
			children = (
				03917D6B1B56FD030068BCA6 /* NetworkingWrapper.h */,
				03917D6C1B56FD030068BCA6 /* NetworkingWrapper.mm */,
				03917D6D1B56FD030068BCA6 /* NetworkManager.h */,
				03917D6E1B56FD030068BCA6 /* NetworkManager.mm */,
				03917D6F1B56FD030068BCA6 /* NetworkManagerDelegate.h */,
			);
			path = networking;
			sourceTree = "<group>";
		};
		03917D761B56FD510068BCA6 /* Entities */ = {
			isa = PBXGroup;
			children = (
				03917D5D1B56D1910068BCA6 /* EntityConstants.h */,
				03B167B11B58301C005D1FF6 /* EntityStateMachine.cpp */,
				03B167B21B58301C005D1FF6 /* EntityStateMachine.h */,
				038DE7681B60A71B00F1C861 /* EntitySynchronizer.cpp */,
				038DE7691B60A71B00F1C861 /* EntitySynchronizer.h */,
				039659B71B5F113E006E587B /* EntityHelper.cpp */,
				039659B81B5F113E006E587B /* EntityHelper.h */,
				03D7099C1B6582210056912B /* EntityFactory.cpp */,
				03D7099D1B6582210056912B /* EntityFactory.h */,
				03917D821B57230B0068BCA6 /* Entity.cpp */,
				03917D831B57230B0068BCA6 /* Entity.h */,
				03019EF91B75DEA9000C4CDC /* EntityContainer.cpp */,
				03019EFA1B75DEA9000C4CDC /* EntityContainer.h */,
				034F41061B5D529E00167F16 /* EntityAI.cpp */,
				034F41071B5D529E00167F16 /* EntityAI.h */,
				03B167B01B582555005D1FF6 /* CustomEntities */,
			);
			name = Entities;
			sourceTree = "<group>";
		};
		03917D771B56FD610068BCA6 /* Scenes */ = {
			isa = PBXGroup;
			children = (
				03917D661B56F7FC0068BCA6 /* MenuScene.cpp */,
				03917D671B56F7FC0068BCA6 /* MenuScene.h */,
				038EE8D41B6AAC3200D6A928 /* PowerUpScene.cpp */,
				038EE8D51B6AAC3200D6A928 /* PowerUpScene.h */,
				0351AF911B726B0E0004AA6F /* TutorialLayer.cpp */,
				0351AF921B726B0E0004AA6F /* TutorialLayer.h */,
				0351AF931B726B0E0004AA6F /* TutorialLayerReader.cpp */,
				0351AF941B726B0E0004AA6F /* TutorialLayerReader.h */,
				03D709A01B6606450056912B /* GameScene */,
				03D709A11B6606500056912B /* SelectStageScene */,
			);
			name = Scenes;
			sourceTree = "<group>";
		};
		03917D7D1B57126A0068BCA6 /* Utility */ = {
			isa = PBXGroup;
			children = (
				03917D7E1B5712800068BCA6 /* JSONPacker.cpp */,
				03917D7F1B5712800068BCA6 /* JSONPacker.h */,
			);
			name = Utility;
			sourceTree = "<group>";
		};
		03B167B01B582555005D1FF6 /* CustomEntities */ = {
			isa = PBXGroup;
			children = (
				03917D531B56C9B90068BCA6 /* Circle.cpp */,
				03917D541B56C9B90068BCA6 /* Circle.h */,
				03917D551B56C9B90068BCA6 /* CircleReader.cpp */,
				03917D561B56C9B90068BCA6 /* CircleReader.h */,
				03917D5E1B56EDC60068BCA6 /* Triangle.cpp */,
				03917D5F1B56EDC60068BCA6 /* Triangle.h */,
				03917D601B56EDC60068BCA6 /* TriangleReader.cpp */,
				03917D611B56EDC60068BCA6 /* TriangleReader.h */,
			);
			name = CustomEntities;
			sourceTree = "<group>";
		};
		03B167BB1B59C085005D1FF6 /* Products */ = {
			isa = PBXGroup;
			children = (
				03B167C01B59C085005D1FF6 /* libcocos2d Mac.a */,
				03B167C21B59C085005D1FF6 /* libcocos2d iOS.a */,
			);
			name = Products;
			sourceTree = "<group>";
		};
		03D709A01B6606450056912B /* GameScene */ = {
			isa = PBXGroup;
			children = (
				03917D791B56FE220068BCA6 /* GameSceneManager.cpp */,
				03917D7A1B56FE220068BCA6 /* GameSceneManager.h */,
				46880B8619C43A87006E1F66 /* GameScene.cpp */,
				46880B8719C43A87006E1F66 /* GameScene.h */,
				039EB4CE1B6C240700884C73 /* GamePauseLayer.cpp */,
				039EB4CF1B6C240700884C73 /* GamePauseLayer.h */,
				039EB4D01B6C240700884C73 /* GamePauseLayerReader.cpp */,
				039EB4D11B6C240700884C73 /* GamePauseLayerReader.h */,
				0342E5D61B66ED80009B737E /* GameResultLayer.cpp */,
				0342E5D71B66ED80009B737E /* GameResultLayer.h */,
				0342E5D81B66ED80009B737E /* GameResultLayerReader.cpp */,
				0342E5D91B66ED80009B737E /* GameResultLayerReader.h */,
				031C15681B68292C007D0FEC /* ScoreLabel.cpp */,
				031C15691B68292C007D0FEC /* ScoreLabel.h */,
				031C156A1B68292C007D0FEC /* ScoreLabelReader.cpp */,
				031C156B1B68292C007D0FEC /* ScoreLabelReader.h */,
				036376CD1B773470000B3F46 /* CoinLabel.cpp */,
				036376CE1B773470000B3F46 /* CoinLabel.h */,
				036376CF1B773470000B3F46 /* CoinLabelReader.cpp */,
				036376D01B773470000B3F46 /* CoinLabelReader.h */,
			);
			name = GameScene;
			sourceTree = "<group>";
		};
		03D709A11B6606500056912B /* SelectStageScene */ = {
			isa = PBXGroup;
			children = (
				0399AB4C1B655C590069507F /* StageSelectScene.cpp */,
				0399AB4D1B655C590069507F /* StageSelectScene.h */,
				03D709921B657BD70056912B /* StageComponent.cpp */,
				03D709931B657BD70056912B /* StageComponent.h */,
				03D709941B657BD70056912B /* StageComponentReader.cpp */,
				03D709951B657BD70056912B /* StageComponentReader.h */,
			);
			name = SelectStageScene;
			sourceTree = "<group>";
		};
		080E96DDFE201D6D7F000001 /* ios */ = {
			isa = PBXGroup;
			children = (
				5087E77117EB970100C73F5D /* Icons */,
				503AE0FA17EB989F00D1A890 /* AppController.h */,
				503AE0FB17EB989F00D1A890 /* AppController.mm */,
				503AE0FC17EB989F00D1A890 /* main.m */,
				503AE0FD17EB989F00D1A890 /* Prefix.pch */,
				503AE0FE17EB989F00D1A890 /* RootViewController.h */,
				503AE0FF17EB989F00D1A890 /* RootViewController.mm */,
			);
			name = ios;
			path = Classes;
			sourceTree = "<group>";
		};
		19C28FACFE9D520D11CA2CBB /* Products */ = {
			isa = PBXGroup;
			children = (
				1D6058910D05DD3D006BFB54 /* DotWar iOS.app */,
				5087E76F17EB910900C73F5D /* DotWar Mac.app */,
			);
			name = Products;
			sourceTree = "<group>";
		};
		29B97314FDCFA39411CA2CEA /* CustomTemplate */ = {
			isa = PBXGroup;
			children = (
				46880B8319C43A87006E1F66 /* Classes */,
				46880B7519C43A67006E1F66 /* Resources */,
				29B97323FDCFA39411CA2CEA /* Frameworks */,
				080E96DDFE201D6D7F000001 /* ios */,
				503AE10617EB990700D1A890 /* mac */,
				19C28FACFE9D520D11CA2CBB /* Products */,
				03B167BA1B59C085005D1FF6 /* cocos2d_libs.xcodeproj */,
			);
			name = CustomTemplate;
			sourceTree = "<group>";
		};
		29B97323FDCFA39411CA2CEA /* Frameworks */ = {
			isa = PBXGroup;
			children = (
				03917D741B56FD2C0068BCA6 /* MultipeerConnectivity.framework */,
				8262943D1AAF051F00CB7CF7 /* Security.framework */,
				52B47A461A53D09B004E4C60 /* Security.framework */,
				D6B0611A1803AB670077942B /* CoreMotion.framework */,
				503AE11A17EB9C5A00D1A890 /* IOKit.framework */,
				503AE11117EB99EE00D1A890 /* libcurl.dylib */,
				5087E78A17EB975400C73F5D /* OpenGL.framework */,
				5087E78817EB974C00C73F5D /* AppKit.framework */,
				1ACB3243164770DE00914215 /* libcurl.a */,
				BF170DB412928DE900B8313A /* libz.dylib */,
				D44C620F132DFF4E0009C878 /* AudioToolbox.framework */,
				D44C620D132DFF430009C878 /* AVFoundation.framework */,
				288765A40DF7441C002DB57D /* CoreGraphics.framework */,
				1D30AB110D05D00D00671497 /* Foundation.framework */,
				D44C620B132DFF330009C878 /* OpenAL.framework */,
				BF170DB012928DE900B8313A /* OpenGLES.framework */,
				BF1C47EA1293683800B63C5D /* QuartzCore.framework */,
				1DF5F4DF0D08C38300B7A737 /* UIKit.framework */,
				461943BB8090E83132898F04 /* sdkbox.framework */,
				FA274F4CB8922BE63DF0C4E0 /* PluginFlurryAnalytics.framework */,
				14664E8EA2F90ECD9ED705D6 /* SystemConfiguration.framework */,
			);
			name = Frameworks;
			sourceTree = "<group>";
		};
		46880B7519C43A67006E1F66 /* Resources */ = {
			isa = PBXGroup;
			children = (
				03019EF61B755AEA000C4CDC /* Rank */,
				031B09021B6EBE50005269F4 /* Particles */,
				0342E5D41B66D8CC009B737E /* Images.xcassets */,
				FA144D09A52357282113E0F8 /* res */,
				38DD491FB50FAFD85CE77159 /* sdkbox_config.json */,
			);
			name = Resources;
			path = ../Resources;
			sourceTree = "<group>";
		};
		46880B8319C43A87006E1F66 /* Classes */ = {
			isa = PBXGroup;
			children = (
				03B167B91B59928F005D1FF6 /* GameConstants.h */,
				031C15661B67F747007D0FEC /* ColorConstants.h */,
				46880B8419C43A87006E1F66 /* AppDelegate.cpp */,
				46880B8519C43A87006E1F66 /* AppDelegate.h */,
				031C15701B683DE7007D0FEC /* UserDataManager.cpp */,
				031C15711B683DE7007D0FEC /* UserDataManager.h */,
				0342E5CA1B66CC3D009B737E /* CoinContainer.cpp */,
				0342E5CB1B66CC3D009B737E /* CoinContainer.h */,
				0342E5C01B66CBEB009B737E /* Coin.cpp */,
				0342E5C11B66CBEB009B737E /* Coin.h */,
				0342E5C21B66CBEB009B737E /* CoinReader.cpp */,
				0342E5C31B66CBEB009B737E /* CoinReader.h */,
				03917D771B56FD610068BCA6 /* Scenes */,
				03917D761B56FD510068BCA6 /* Entities */,
				03917D7D1B57126A0068BCA6 /* Utility */,
				03917D6A1B56FD030068BCA6 /* networking */,
			);
			name = Classes;
			path = ../Classes;
			sourceTree = "<group>";
		};
		503AE0F517EB97AB00D1A890 /* Icons */ = {
			isa = PBXGroup;
			children = (
				503AE0F617EB97AB00D1A890 /* Icon.icns */,
				503AE0F717EB97AB00D1A890 /* Info.plist */,
			);
			name = Icons;
			path = mac;
			sourceTree = SOURCE_ROOT;
		};
		503AE10617EB990700D1A890 /* mac */ = {
			isa = PBXGroup;
			children = (
				503AE0F517EB97AB00D1A890 /* Icons */,
				503AE10317EB98FF00D1A890 /* main.cpp */,
				503AE10417EB98FF00D1A890 /* Prefix.pch */,
			);
			name = mac;
			sourceTree = "<group>";
		};
		5087E77117EB970100C73F5D /* Icons */ = {
			isa = PBXGroup;
			children = (
				521A8E6219F0C34300D177D7 /* Default-667h@2x.png */,
				521A8E6319F0C34300D177D7 /* Default-736h@3x.png */,
				5087E77217EB970100C73F5D /* Default-568h@2x.png */,
				5087E77317EB970100C73F5D /* Default.png */,
				5087E77417EB970100C73F5D /* Default@2x.png */,
				50EF62A017ECD613001EB2F8 /* Icon-29.png */,
				50EF62A117ECD613001EB2F8 /* Icon-50.png */,
				50EF629217ECD46A001EB2F8 /* Icon-40.png */,
				50EF629317ECD46A001EB2F8 /* Icon-58.png */,
				50EF629417ECD46A001EB2F8 /* Icon-80.png */,
				50EF629517ECD46A001EB2F8 /* Icon-100.png */,
				5087E77517EB970100C73F5D /* Icon-114.png */,
				5087E77617EB970100C73F5D /* Icon-120.png */,
				5087E77717EB970100C73F5D /* Icon-144.png */,
				5087E77817EB970100C73F5D /* Icon-152.png */,
				5087E77917EB970100C73F5D /* Icon-57.png */,
				5087E77A17EB970100C73F5D /* Icon-72.png */,
				5087E77B17EB970100C73F5D /* Icon-76.png */,
				5087E77C17EB970100C73F5D /* Info.plist */,
			);
			name = Icons;
			path = ios;
			sourceTree = SOURCE_ROOT;
		};
/* End PBXGroup section */

/* Begin PBXNativeTarget section */
		1D6058900D05DD3D006BFB54 /* DotWar iOS */ = {
			isa = PBXNativeTarget;
			buildConfigurationList = 1D6058960D05DD3E006BFB54 /* Build configuration list for PBXNativeTarget "DotWar iOS" */;
			buildPhases = (
				1D60588D0D05DD3D006BFB54 /* Resources */,
				1D60588E0D05DD3D006BFB54 /* Sources */,
				1D60588F0D05DD3D006BFB54 /* Frameworks */,
			);
			buildRules = (
			);
			dependencies = (
			);
			name = "DotWar iOS";
			productName = iphone;
			productReference = 1D6058910D05DD3D006BFB54 /* DotWar iOS.app */;
			productType = com.apple.product-type.application;
		};
		5087E73D17EB910900C73F5D /* DotWar Mac */ = {
			isa = PBXNativeTarget;
			buildConfigurationList = 5087E76C17EB910900C73F5D /* Build configuration list for PBXNativeTarget "DotWar Mac" */;
			buildPhases = (
				5087E74817EB910900C73F5D /* Resources */,
				5087E75617EB910900C73F5D /* Sources */,
				5087E75C17EB910900C73F5D /* Frameworks */,
			);
			buildRules = (
			);
			dependencies = (
			);
			name = "DotWar Mac";
			productName = iphone;
			productReference = 5087E76F17EB910900C73F5D /* DotWar Mac.app */;
			productType = com.apple.product-type.application;
		};
/* End PBXNativeTarget section */

/* Begin PBXProject section */
		29B97313FDCFA39411CA2CEA /* Project Object */ = {
			isa = PBXProject;
			attributes = {
				LastUpgradeCheck = 0500;
				TargetAttributes = {
					1D6058900D05DD3D006BFB54 = {
						DevelopmentTeam = QTD2EFQ34E;
					};
				};
			};
			buildConfigurationList = C01FCF4E08A954540054247B /* Build configuration list for PBXNativeTarget "TARGET_NAME" */;
			compatibilityVersion = "Xcode 3.2";
			developmentRegion = English;
			hasScannedForEncodings = 1;
			knownRegions = (
				English,
				Japanese,
				French,
				German,
			);
			mainGroup = 29B97314FDCFA39411CA2CEA /* CustomTemplate */;
			projectDirPath = "";
			projectReferences = (
				{
					ProductGroup = 03B167BB1B59C085005D1FF6 /* Products */;
					ProjectRef = 03B167BA1B59C085005D1FF6 /* cocos2d_libs.xcodeproj */;
				},
			);
			projectRoot = "";
			targets = (
				1D6058900D05DD3D006BFB54 /* DotWar iOS */,
				5087E73D17EB910900C73F5D /* DotWar Mac */,
			);
		};
/* End PBXProject section */

/* Begin PBXResourcesBuildPhase section */
		1D60588D0D05DD3D006BFB54 /* Resources */ = {
			isa = PBXResourcesBuildPhase;
			buildActionMask = 2147483647;
			files = (
				031B09031B6EBE50005269F4 /* Particles */,
				5087E78117EB970100C73F5D /* Icon-120.png */,
				0342E5D51B66D8CC009B737E /* Images.xcassets */,
				5087E78617EB970100C73F5D /* Icon-76.png */,
				5087E77F17EB970100C73F5D /* Default@2x.png */,
				50EF629917ECD46A001EB2F8 /* Icon-100.png */,
				5087E78317EB970100C73F5D /* Icon-152.png */,
				5087E77D17EB970100C73F5D /* Default-568h@2x.png */,
				5087E78517EB970100C73F5D /* Icon-72.png */,
				521A8E6519F0C34300D177D7 /* Default-736h@3x.png */,
				50EF62A317ECD613001EB2F8 /* Icon-50.png */,
				5087E78017EB970100C73F5D /* Icon-114.png */,
				50EF62A217ECD613001EB2F8 /* Icon-29.png */,
				50EF629617ECD46A001EB2F8 /* Icon-40.png */,
				03019EF71B755AEA000C4CDC /* Rank */,
				5087E78217EB970100C73F5D /* Icon-144.png */,
				50EF629817ECD46A001EB2F8 /* Icon-80.png */,
				5087E78417EB970100C73F5D /* Icon-57.png */,
				5087E77E17EB970100C73F5D /* Default.png */,
				521A8E6419F0C34300D177D7 /* Default-667h@2x.png */,
				50EF629717ECD46A001EB2F8 /* Icon-58.png */,
				41E34A81ACA2320B6C76C445 /* res */,
				716D49929E0AD9DB4EB9186A /* sdkbox_config.json */,
			);
			runOnlyForDeploymentPostprocessing = 0;
		};
		5087E74817EB910900C73F5D /* Resources */ = {
			isa = PBXResourcesBuildPhase;
			buildActionMask = 2147483647;
			files = (
				03019EF81B755AEA000C4CDC /* Rank */,
				031B09041B6EBE50005269F4 /* Particles */,
				503AE0F817EB97AB00D1A890 /* Icon.icns */,
				7AB94C6A95BCF2B4CA3DF1DC /* res */,
				6B51417BADC7423933A65098 /* sdkbox_config.json */,
			);
			runOnlyForDeploymentPostprocessing = 0;
		};
/* End PBXResourcesBuildPhase section */

/* Begin PBXSourcesBuildPhase section */
		1D60588E0D05DD3D006BFB54 /* Sources */ = {
			isa = PBXSourcesBuildPhase;
			buildActionMask = 2147483647;
			files = (
				03917D701B56FD030068BCA6 /* NetworkingWrapper.mm */,
				038EE8D61B6AAC3200D6A928 /* PowerUpScene.cpp */,
				038DE76A1B60A71B00F1C861 /* EntitySynchronizer.cpp */,
				03917D621B56EDC60068BCA6 /* Triangle.cpp */,
				034F41081B5D529E00167F16 /* EntityAI.cpp */,
				03917D591B56C9B90068BCA6 /* CircleReader.cpp */,
				46880B8819C43A87006E1F66 /* AppDelegate.cpp */,
				039EB4D41B6C240700884C73 /* GamePauseLayerReader.cpp */,
				03917D641B56EDC60068BCA6 /* TriangleReader.cpp */,
				46880B8A19C43A87006E1F66 /* GameScene.cpp */,
				031C156E1B68292C007D0FEC /* ScoreLabelReader.cpp */,
				0351AF951B726B0E0004AA6F /* TutorialLayer.cpp */,
				503AE10017EB989F00D1A890 /* AppController.mm */,
				0342E5DA1B66ED80009B737E /* GameResultLayer.cpp */,
				03D709981B657BD70056912B /* StageComponentReader.cpp */,
				03019EFB1B75DEA9000C4CDC /* EntityContainer.cpp */,
				039659B91B5F113E006E587B /* EntityHelper.cpp */,
				03917D571B56C9B90068BCA6 /* Circle.cpp */,
				0342E5C61B66CBEB009B737E /* CoinReader.cpp */,
				031C156C1B68292C007D0FEC /* ScoreLabel.cpp */,
				03917D681B56F7FC0068BCA6 /* MenuScene.cpp */,
				0351AF971B726B0E0004AA6F /* TutorialLayerReader.cpp */,
				03D709961B657BD70056912B /* StageComponent.cpp */,
				036376D31B773470000B3F46 /* CoinLabelReader.cpp */,
				03917D801B5712800068BCA6 /* JSONPacker.cpp */,
				03B167B31B58301C005D1FF6 /* EntityStateMachine.cpp */,
				503AE10217EB989F00D1A890 /* RootViewController.mm */,
				031C15721B683DE7007D0FEC /* UserDataManager.cpp */,
				03917D721B56FD030068BCA6 /* NetworkManager.mm */,
				0342E5C41B66CBEB009B737E /* Coin.cpp */,
				0342E5DC1B66ED80009B737E /* GameResultLayerReader.cpp */,
				039EB4D21B6C240700884C73 /* GamePauseLayer.cpp */,
				0342E5CC1B66CC3D009B737E /* CoinContainer.cpp */,
				03917D7B1B56FE220068BCA6 /* GameSceneManager.cpp */,
				03917D841B57230B0068BCA6 /* Entity.cpp */,
				503AE10117EB989F00D1A890 /* main.m */,
				036376D11B773470000B3F46 /* CoinLabel.cpp */,
				0399AB4E1B655C590069507F /* StageSelectScene.cpp */,
				03D7099E1B6582210056912B /* EntityFactory.cpp */,
			);
			runOnlyForDeploymentPostprocessing = 0;
		};
		5087E75617EB910900C73F5D /* Sources */ = {
			isa = PBXSourcesBuildPhase;
			buildActionMask = 2147483647;
			files = (
				03917D631B56EDC60068BCA6 /* Triangle.cpp */,
				03917D691B56F7FC0068BCA6 /* MenuScene.cpp */,
				03D7099F1B6582210056912B /* EntityFactory.cpp */,
				034F41091B5D529E00167F16 /* EntityAI.cpp */,
				46880B8919C43A87006E1F66 /* AppDelegate.cpp */,
				038EE8D71B6AAC3200D6A928 /* PowerUpScene.cpp */,
				503AE10517EB98FF00D1A890 /* main.cpp */,
				03D709971B657BD70056912B /* StageComponent.cpp */,
				031C156D1B68292C007D0FEC /* ScoreLabel.cpp */,
				0399AB4F1B655C590069507F /* StageSelectScene.cpp */,
				0351AF981B726B0E0004AA6F /* TutorialLayerReader.cpp */,
				0342E5DD1B66ED80009B737E /* GameResultLayerReader.cpp */,
				03019EFC1B75DEA9000C4CDC /* EntityContainer.cpp */,
				0342E5DB1B66ED80009B737E /* GameResultLayer.cpp */,
				03917D731B56FD030068BCA6 /* NetworkManager.mm */,
				46880B8B19C43A87006E1F66 /* GameScene.cpp */,
				03D709991B657BD70056912B /* StageComponentReader.cpp */,
				03B167B41B58301C005D1FF6 /* EntityStateMachine.cpp */,
				036376D41B773470000B3F46 /* CoinLabelReader.cpp */,
				03917D651B56EDC60068BCA6 /* TriangleReader.cpp */,
				039EB4D51B6C240700884C73 /* GamePauseLayerReader.cpp */,
				03917D5A1B56C9B90068BCA6 /* CircleReader.cpp */,
				039EB4D31B6C240700884C73 /* GamePauseLayer.cpp */,
				0342E5CD1B66CC3D009B737E /* CoinContainer.cpp */,
				03917D7C1B56FE220068BCA6 /* GameSceneManager.cpp */,
				03917D851B57230B0068BCA6 /* Entity.cpp */,
				031C156F1B68292C007D0FEC /* ScoreLabelReader.cpp */,
				03917D711B56FD030068BCA6 /* NetworkingWrapper.mm */,
				036376D21B773470000B3F46 /* CoinLabel.cpp */,
				03917D581B56C9B90068BCA6 /* Circle.cpp */,
				031C15731B683DE7007D0FEC /* UserDataManager.cpp */,
				0351AF961B726B0E0004AA6F /* TutorialLayer.cpp */,
				039659BA1B5F113E006E587B /* EntityHelper.cpp */,
				038DE76B1B60A71B00F1C861 /* EntitySynchronizer.cpp */,
				0342E5C51B66CBEB009B737E /* Coin.cpp */,
				03917D811B5712800068BCA6 /* JSONPacker.cpp */,
				0342E5C71B66CBEB009B737E /* CoinReader.cpp */,
			);
			runOnlyForDeploymentPostprocessing = 0;
		};
/* End PBXSourcesBuildPhase section */

/* Begin XCBuildConfiguration section */
		1D6058940D05DD3E006BFB54 /* Debug */ = {
			isa = XCBuildConfiguration;
			buildSettings = {
				ALWAYS_SEARCH_USER_PATHS = YES;
				ASSETCATALOG_COMPILER_APPICON_NAME = AppIcon;
				ASSETCATALOG_COMPILER_LAUNCHIMAGE_NAME = LaunchImage;
				CODE_SIGN_IDENTITY = "iPhone Developer";
				COMPRESS_PNG_FILES = NO;
				DEBUG_INFORMATION_FORMAT = dwarf;
				FRAMEWORK_SEARCH_PATHS = (
					"\"/Users/tamakiryu/Develop/MakeSchool/DotWar/proj.ios_mac/\"",
				);
				GCC_DYNAMIC_NO_PIC = NO;
				GCC_INLINES_ARE_PRIVATE_EXTERN = NO;
				GCC_PRECOMPILE_PREFIX_HEADER = YES;
				GCC_PREFIX_HEADER = ios/Prefix.pch;
				GCC_PREPROCESSOR_DEFINITIONS = (
					USE_FILE32API,
					CC_TARGET_OS_IPHONE,
					"COCOS2D_DEBUG=1",
					"CC_ENABLE_CHIPMUNK_INTEGRATION=1",
				);
				GCC_SYMBOLS_PRIVATE_EXTERN = NO;
				HEADER_SEARCH_PATHS = (
					"$(inherited)",
					/Applications/Cocos/frameworks/cocos2d-x-3.6/cocos/platform/ios,
					/Applications/Cocos/frameworks/cocos2d-x-3.6/cocos/platform/ios/Simulation,
				);
				INFOPLIST_FILE = ios/Info.plist;
				IPHONEOS_DEPLOYMENT_TARGET = 5.0;
				LIBRARY_SEARCH_PATHS = (
					" /Applications/Cocos/frameworks/cocos2d-x-3.6/prebuilt/ios",
					"\"sdkbox.framework\"",
					"\"PluginFlurryAnalytics.framework\"",
				);
				OTHER_LDFLAGS = (
					"$(_COCOS_LIB_IOS_BEGIN)",
					"$(_COCOS_LIB_IOS_END)",
					-fobjc-arc,
				);
				PROVISIONING_PROFILE = "";
				SDKROOT = iphoneos;
				TARGETED_DEVICE_FAMILY = "1,2";
				USER_HEADER_SEARCH_PATHS = "$(_COCOS_HEADER_IOS_BEGIN) $(_COCOS_HEADER_IOS_END)";
				VALID_ARCHS = "arm64 armv7";
			};
			name = Debug;
		};
		1D6058950D05DD3E006BFB54 /* Release */ = {
			isa = XCBuildConfiguration;
			buildSettings = {
				ALWAYS_SEARCH_USER_PATHS = YES;
				ASSETCATALOG_COMPILER_APPICON_NAME = AppIcon;
				ASSETCATALOG_COMPILER_LAUNCHIMAGE_NAME = LaunchImage;
				CODE_SIGN_IDENTITY = "iPhone Developer";
				COMPRESS_PNG_FILES = NO;
				DEBUG_INFORMATION_FORMAT = dwarf;
				FRAMEWORK_SEARCH_PATHS = (
					"\"/Users/tamakiryu/Develop/MakeSchool/DotWar/proj.ios_mac/\"",
				);
				GCC_INLINES_ARE_PRIVATE_EXTERN = NO;
				GCC_PRECOMPILE_PREFIX_HEADER = YES;
				GCC_PREFIX_HEADER = ios/Prefix.pch;
				GCC_PREPROCESSOR_DEFINITIONS = (
					USE_FILE32API,
					CC_TARGET_OS_IPHONE,
					"CC_ENABLE_CHIPMUNK_INTEGRATION=1",
				);
				GCC_SYMBOLS_PRIVATE_EXTERN = NO;
				HEADER_SEARCH_PATHS = (
					"$(inherited)",
					/Applications/Cocos/frameworks/cocos2d-x-3.6/cocos/platform/ios,
					/Applications/Cocos/frameworks/cocos2d-x-3.6/cocos/platform/ios/Simulation,
				);
				INFOPLIST_FILE = ios/Info.plist;
				IPHONEOS_DEPLOYMENT_TARGET = 5.0;
				LIBRARY_SEARCH_PATHS = (
					" /Applications/Cocos/frameworks/cocos2d-x-3.6/prebuilt/ios",
					"\"sdkbox.framework\"",
					"\"PluginFlurryAnalytics.framework\"",
				);
				OTHER_LDFLAGS = (
					"$(_COCOS_LIB_IOS_BEGIN)",
					"$(_COCOS_LIB_IOS_END)",
					-fobjc-arc,
				);
				PROVISIONING_PROFILE = 0be69647-af71-4a5d-8b42-7d66294afca1;
				SDKROOT = iphoneos;
				TARGETED_DEVICE_FAMILY = "1,2";
				USER_HEADER_SEARCH_PATHS = "$(_COCOS_HEADER_IOS_BEGIN) $(_COCOS_HEADER_IOS_END)";
				VALID_ARCHS = "arm64 armv7";
			};
			name = Release;
		};
		5087E76D17EB910900C73F5D /* Debug */ = {
			isa = XCBuildConfiguration;
			buildSettings = {
				ALWAYS_SEARCH_USER_PATHS = YES;
				ARCHS = "$(ARCHS_STANDARD_64_BIT)";
				CLANG_CXX_LANGUAGE_STANDARD = "c++0x";
				CLANG_CXX_LIBRARY = "libc++";
				FRAMEWORK_SEARCH_PATHS = (
					"\"/Users/tamakiryu/Develop/MakeSchool/DotWar/proj.ios_mac/\"",
				);
				GCC_DYNAMIC_NO_PIC = NO;
				GCC_INLINES_ARE_PRIVATE_EXTERN = NO;
				GCC_PRECOMPILE_PREFIX_HEADER = YES;
				GCC_PREFIX_HEADER = mac/Prefix.pch;
				GCC_PREPROCESSOR_DEFINITIONS = (
					USE_FILE32API,
					CC_TARGET_OS_MAC,
					"COCOS2D_DEBUG=1",
					"CC_ENABLE_CHIPMUNK_INTEGRATION=1",
				);
				GCC_SYMBOLS_PRIVATE_EXTERN = NO;
				HEADER_SEARCH_PATHS = (
					"$(inherited)",
					/Applications/Cocos/frameworks/cocos2d-x-3.6/cocos/platform/mac,
					/Applications/Cocos/frameworks/cocos2d-x-3.6/external/glfw3/include/mac,
				);
				INFOPLIST_FILE = mac/Info.plist;
				LIBRARY_SEARCH_PATHS = (
					" /Applications/Cocos/frameworks/cocos2d-x-3.6/prebuilt/mac",
					"\"sdkbox.framework\"",
					"\"PluginFlurryAnalytics.framework\"",
				);
				OTHER_LDFLAGS = (
					"$(_COCOS_LIB_MAC_BEGIN)",
					"$(_COCOS_LIB_MAC_END)",
					-fobjc-arc,
				);
				USER_HEADER_SEARCH_PATHS = "$(_COCOS_HEADER_MAC_BEGIN) $(_COCOS_HEADER_MAC_END)";
			};
			name = Debug;
		};
		5087E76E17EB910900C73F5D /* Release */ = {
			isa = XCBuildConfiguration;
			buildSettings = {
				ALWAYS_SEARCH_USER_PATHS = YES;
				ARCHS = "$(ARCHS_STANDARD_64_BIT)";
				CLANG_CXX_LANGUAGE_STANDARD = "c++0x";
				CLANG_CXX_LIBRARY = "libc++";
				FRAMEWORK_SEARCH_PATHS = (
					"\"/Users/tamakiryu/Develop/MakeSchool/DotWar/proj.ios_mac/\"",
				);
				GCC_INLINES_ARE_PRIVATE_EXTERN = NO;
				GCC_PRECOMPILE_PREFIX_HEADER = YES;
				GCC_PREFIX_HEADER = mac/Prefix.pch;
				GCC_PREPROCESSOR_DEFINITIONS = (
					USE_FILE32API,
					CC_TARGET_OS_MAC,
					"CC_ENABLE_CHIPMUNK_INTEGRATION=1",
				);
				GCC_SYMBOLS_PRIVATE_EXTERN = NO;
				HEADER_SEARCH_PATHS = (
					"$(inherited)",
					/Applications/Cocos/frameworks/cocos2d-x-3.6/cocos/platform/mac,
					/Applications/Cocos/frameworks/cocos2d-x-3.6/external/glfw3/include/mac,
				);
				INFOPLIST_FILE = mac/Info.plist;
				LIBRARY_SEARCH_PATHS = (
					" /Applications/Cocos/frameworks/cocos2d-x-3.6/prebuilt/mac",
					"\"sdkbox.framework\"",
					"\"PluginFlurryAnalytics.framework\"",
				);
				OTHER_LDFLAGS = (
					"$(_COCOS_LIB_MAC_BEGIN)",
					"$(_COCOS_LIB_MAC_END)",
					-fobjc-arc,
				);
				USER_HEADER_SEARCH_PATHS = "$(_COCOS_HEADER_MAC_BEGIN) $(_COCOS_HEADER_MAC_END)";
			};
			name = Release;
		};
		C01FCF4F08A954540054247B /* Debug */ = {
			isa = XCBuildConfiguration;
			buildSettings = {
				CLANG_CXX_LANGUAGE_STANDARD = "c++0x";
				CLANG_CXX_LIBRARY = "libc++";
				COPY_PHASE_STRIP = NO;
				FRAMEWORK_SEARCH_PATHS = (
					"\"/Users/tamakiryu/Develop/MakeSchool/DotWar/proj.ios_mac/\"",
				);
				GCC_OPTIMIZATION_LEVEL = 0;
				GCC_WARN_ABOUT_RETURN_TYPE = YES;
				GCC_WARN_UNUSED_VARIABLE = YES;
				HEADER_SEARCH_PATHS = (
					/Applications/Cocos/frameworks/cocos2d-x-3.6,
					/Applications/Cocos/frameworks/cocos2d-x-3.6/cocos,
					/Applications/Cocos/frameworks/cocos2d-x-3.6/cocos/base,
					/Applications/Cocos/frameworks/cocos2d-x-3.6/cocos/physics,
					/Applications/Cocos/frameworks/cocos2d-x-3.6/cocos/math,
					/Applications/Cocos/frameworks/cocos2d-x-3.6/cocos/2d,
					/Applications/Cocos/frameworks/cocos2d-x-3.6/cocos/ui,
					/Applications/Cocos/frameworks/cocos2d-x-3.6/cocos/network,
					/Applications/Cocos/frameworks/cocos2d-x-3.6/cocos/audio/include,
					/Applications/Cocos/frameworks/cocos2d-x-3.6/cocos/editor-support,
					/Applications/Cocos/frameworks/cocos2d-x-3.6/extensions,
					/Applications/Cocos/frameworks/cocos2d-x-3.6/external,
					/Applications/Cocos/frameworks/cocos2d-x-3.6/external/chipmunk/include/chipmunk,
				);
				LIBRARY_SEARCH_PATHS = (
					"\"sdkbox.framework\"",
					"\"PluginFlurryAnalytics.framework\"",
				);
				MACOSX_DEPLOYMENT_TARGET = 10.7;
				ONLY_ACTIVE_ARCH = YES;
				OTHER_LDFLAGS = (
					-fobjc-arc,
				);
				PRODUCT_NAME = "$(TARGET_NAME)";
				SDKROOT = macosx;
			};
			name = Debug;
		};
		C01FCF5008A954540054247B /* Release */ = {
			isa = XCBuildConfiguration;
			buildSettings = {
				CLANG_CXX_LANGUAGE_STANDARD = "c++0x";
				CLANG_CXX_LIBRARY = "libc++";
				FRAMEWORK_SEARCH_PATHS = (
					"\"/Users/tamakiryu/Develop/MakeSchool/DotWar/proj.ios_mac/\"",
				);
				GCC_WARN_ABOUT_RETURN_TYPE = YES;
				GCC_WARN_UNUSED_VARIABLE = YES;
				HEADER_SEARCH_PATHS = (
					/Applications/Cocos/frameworks/cocos2d-x-3.6,
					/Applications/Cocos/frameworks/cocos2d-x-3.6/cocos,
					/Applications/Cocos/frameworks/cocos2d-x-3.6/cocos/base,
					/Applications/Cocos/frameworks/cocos2d-x-3.6/cocos/physics,
					/Applications/Cocos/frameworks/cocos2d-x-3.6/cocos/math,
					/Applications/Cocos/frameworks/cocos2d-x-3.6/cocos/2d,
					/Applications/Cocos/frameworks/cocos2d-x-3.6/cocos/ui,
					/Applications/Cocos/frameworks/cocos2d-x-3.6/cocos/network,
					/Applications/Cocos/frameworks/cocos2d-x-3.6/cocos/audio/include,
					/Applications/Cocos/frameworks/cocos2d-x-3.6/cocos/editor-support,
					/Applications/Cocos/frameworks/cocos2d-x-3.6/extensions,
					/Applications/Cocos/frameworks/cocos2d-x-3.6/external,
					/Applications/Cocos/frameworks/cocos2d-x-3.6/external/chipmunk/include/chipmunk,
				);
				LIBRARY_SEARCH_PATHS = (
					"\"sdkbox.framework\"",
					"\"PluginFlurryAnalytics.framework\"",
				);
				MACOSX_DEPLOYMENT_TARGET = 10.7;
				OTHER_CFLAGS = "-DNS_BLOCK_ASSERTIONS=1";
				OTHER_LDFLAGS = (
					-fobjc-arc,
				);
				PRODUCT_NAME = "$(TARGET_NAME)";
				SDKROOT = macosx;
				VALIDATE_PRODUCT = YES;
			};
			name = Release;
		};
/* End XCBuildConfiguration section */

/* Begin XCConfigurationList section */
		1D6058960D05DD3E006BFB54 /* Build configuration list for PBXNativeTarget "DotWar iOS" */ = {
			isa = XCConfigurationList;
			buildConfigurations = (
				1D6058940D05DD3E006BFB54 /* Debug */,
				1D6058950D05DD3E006BFB54 /* Release */,
			);
			defaultConfigurationIsVisible = 0;
			defaultConfigurationName = Debug;
		};
		5087E76C17EB910900C73F5D /* Build configuration list for PBXNativeTarget "DotWar Mac" */ = {
			isa = XCConfigurationList;
			buildConfigurations = (
				5087E76D17EB910900C73F5D /* Debug */,
				5087E76E17EB910900C73F5D /* Release */,
			);
			defaultConfigurationIsVisible = 0;
			defaultConfigurationName = Debug;
		};
		C01FCF4E08A954540054247B /* Build configuration list for PBXNativeTarget "TARGET_NAME" */ = {
			isa = XCConfigurationList;
			buildConfigurations = (
				C01FCF4F08A954540054247B /* Debug */,
				C01FCF5008A954540054247B /* Release */,
			);
			defaultConfigurationIsVisible = 0;
			defaultConfigurationName = Debug;
		};
/* End XCConfigurationList section */

/* Begin PBXReferenceProxy section */
		03B167C01B59C085005D1FF6 /* libcocos2d Mac.a */ = {
			isa = PBXReferenceProxy;
			fileType = archive.ar;
			path = "libcocos2d Mac.a";
			remoteRef = 03B167BF1B59C085005D1FF6 /* Containe */;
			sourceTree = BUILT_PRODUCTS_DIR;
		};
		03B167C21B59C085005D1FF6 /* libcocos2d iOS.a */ = {
			isa = PBXReferenceProxy;
			fileType = archive.ar;
			path = "libcocos2d iOS.a";
			remoteRef = 03B167C11B59C085005D1FF6 /* Containe */;
			sourceTree = BUILT_PRODUCTS_DIR;
		};
/* End PBXReferenceProxy section */

/* Begin PBXContainerItemProxy section */
		03B167BF1B59C085005D1FF6 /* Containe */ = {
			isa = PBXContainerItemProxy;
			containerPortal = 03B167BA1B59C085005D1FF6 /* cocos2d_libs.xcodeproj */;
			proxyType = 2;
			remoteGlobalIDString = 1551A33F158F2AB200E66CFE;
			remoteInfo = "libcocos2d Mac";
		};
		03B167C11B59C085005D1FF6 /* Containe */ = {
			isa = PBXContainerItemProxy;
			containerPortal = 03B167BA1B59C085005D1FF6 /* cocos2d_libs.xcodeproj */;
			proxyType = 2;
			remoteGlobalIDString = A07A4D641783777C0073F6A7;
			remoteInfo = "libcocos2d iOS";
		};
/* End PBXContainerItemProxy section */
	};
	rootObject = 29B97313FDCFA39411CA2CEA /* Project Object */;
}